{
  "originHash" : "e715538bccb5555ed0c236932bf440e1623c3aee52905d2d8945ae3df7bab122",
  "pins" : [
    {
      "identity" : "alamofire",
      "kind" : "remoteSourceControl",
      "location" : "https://github.com/Alamofire/Alamofire.git",
      "state" : {
        "revision" : "f96b619bcb2383b43d898402283924b80e2c4bae",
        "version" : "5.4.3"
      }
    },
    {
      "identity" : "ios-authorization",
      "kind" : "remoteSourceControl",
      "location" : "https://github.com/diia-open-source/ios-authorization.git",
      "state" : {
        "revision" : "af2497992f278a2fe1cad7a21641d7a988403bbf",
        "version" : "1.0.19"
      }
    },
    {
      "identity" : "ios-commonservices",
      "kind" : "remoteSourceControl",
      "location" : "https://github.com/diia-open-source/ios-commonservices.git",
      "state" : {
        "revision" : "bc7d34c25c3ce8a6596568438cf36b695d53714e",
        "version" : "1.0.14"
      }
    },
    {
      "identity" : "ios-commontypes",
      "kind" : "remoteSourceControl",
      "location" : "https://github.com/diia-open-source/ios-commontypes.git",
      "state" : {
        "revision" : "5c39a33bd2d8453b1a4dbaefa8d85bcdd85d8fde",
        "version" : "1.0.21"
      }
    },
    {
      "identity" : "ios-documents",
      "kind" : "remoteSourceControl",
      "location" : "https://github.com/nkoruts/ios-documents.git",
      "state" : {
        "branch" : "develop",
        "revision" : "2516b4e1651e10af88f16fd3ce02141839ddb6cd"
      }
    },
    {
      "identity" : "ios-mvpmodule",
      "kind" : "remoteSourceControl",
      "location" : "https://github.com/diia-open-source/ios-mvpmodule.git",
      "state" : {
        "revision" : "5d9ed70ec64b8557e0b85329628da81fe1df7081",
        "version" : "1.0.16"
      }
    },
    {
      "identity" : "ios-network",
      "kind" : "remoteSourceControl",
      "location" : "https://github.com/diia-open-source/ios-network.git",
      "state" : {
        "revision" : "e64e05aac4eda9e40331bc94110545ea585de39c",
        "version" : "1.0.13"
      }
    },
    {
      "identity" : "ios-publicservices",
      "kind" : "remoteSourceControl",
      "location" : "https://github.com/diia-open-source/ios-publicservices.git",
      "state" : {
        "revision" : "ada60f04ff72debdf45f39cdeaa73daa6bddf0fc",
        "version" : "1.0.13"
      }
    },
    {
      "identity" : "ios-uicomponents",
      "kind" : "remoteSourceControl",
      "location" : "https://github.com/diia-open-source/ios-uicomponents.git",
      "state" : {
        "revision" : "6b89b2acaa7efca2eacbfe061d6a4e45821157bb",
        "version" : "1.0.22"
      }
    },
    {
      "identity" : "kingfisher",
      "kind" : "remoteSourceControl",
      "location" : "https://github.com/onevcat/Kingfisher",
      "state" : {
        "revision" : "2ef543ee21d63734e1c004ad6c870255e8716c50",
        "version" : "7.12.0"
      }
    },
    {
      "identity" : "lottie-spm",
      "kind" : "remoteSourceControl",
      "location" : "https://github.com/airbnb/lottie-spm.git",
      "state" : {
        "revision" : "69faaefa7721fba9e434a52c16adf4329c9084db",
        "version" : "4.6.0"
      }
    },
    {
      "identity" : "reactivekit",
      "kind" : "remoteSourceControl",
      "location" : "https://github.com/DeclarativeHub/ReactiveKit.git",
      "state" : {
        "revision" : "ca6619a7752f9e475fc51b8c2b6db82e66964823",
        "version" : "3.16.2"
      }
    },
    {
      "identity" : "swiftmessages",
      "kind" : "remoteSourceControl",
      "location" : "https://github.com/SwiftKickMobile/SwiftMessages",
      "state" : {
        "revision" : "62e12e138fc3eedf88c7553dd5d98712aa119f40",
        "version" : "9.0.9"
      }
    },
    {
      "identity" : "swiftyjson",
      "kind" : "remoteSourceControl",
      "location" : "https://github.com/SwiftyJSON/SwiftyJSON.git",
      "state" : {
        "revision" : "2b6054efa051565954e1d2b9da831680026cd768",
        "version" : "4.3.0"
      }
    }
  ],
  "version" : 3
}
