{
  "originHash" : "097a018153bf500830ea117b58862fb8ca785b82539f2cb9ac32033ac9ed2fa9",
  "pins" : [
    {
      "identity" : "alamofire",
      "kind" : "remoteSourceControl",
      "location" : "https://github.com/Alamofire/Alamofire.git",
      "state" : {
        "revision" : "f96b619bcb2383b43d898402283924b80e2c4bae",
        "version" : "5.4.3"
      }
    },
    {
      "identity" : "ios-authorization",
      "kind" : "remoteSourceControl",
      "location" : "https://github.com/diia-open-source/ios-authorization.git",
      "state" : {
        "revision" : "b8364f18a654de2276cfdf52c1aae8e2a6fa5f2c",
        "version" : "1.0.18"
      }
    },
    {
      "identity" : "ios-commonservices",
      "kind" : "remoteSourceControl",
      "location" : "https://github.com/diia-open-source/ios-commonservices.git",
      "state" : {
        "revision" : "c52ec6717366c0e38d364844a0d3b73626f97b25",
        "version" : "1.0.13"
      }
    },
    {
      "identity" : "ios-commontypes",
      "kind" : "remoteSourceControl",
      "location" : "https://github.com/diia-open-source/ios-commontypes.git",
      "state" : {
        "revision" : "d9a0b9fb32ec4725d865530a568d562983163118",
        "version" : "1.0.20"
      }
    },
    {
      "identity" : "ios-documents",
      "kind" : "remoteSourceControl",
      "location" : "https://github.com/diia-open-source/ios-documents.git",
      "state" : {
        "revision" : "0093a6fe29a66f110352d774cfcea36a131601dc",
        "version" : "1.0.19"
      }
    },
    {
      "identity" : "ios-mvpmodule",
      "kind" : "remoteSourceControl",
      "location" : "https://github.com/diia-open-source/ios-mvpmodule.git",
      "state" : {
        "revision" : "1bb81cb1db77295939ef0e915a27962380d95396",
        "version" : "1.0.15"
      }
    },
    {
      "identity" : "ios-network",
      "kind" : "remoteSourceControl",
      "location" : "https://github.com/diia-open-source/ios-network.git",
      "state" : {
        "revision" : "0f40566919b406e1ac26c43216068bf636e2da00",
        "version" : "1.0.12"
      }
    },
    {
      "identity" : "ios-publicservices",
      "kind" : "remoteSourceControl",
      "location" : "https://github.com/diia-open-source/ios-publicservices.git",
      "state" : {
        "revision" : "69a048dae050b86f64611c795360aa14237e47d6",
        "version" : "1.0.12"
      }
    },
    {
      "identity" : "ios-uicomponents",
      "kind" : "remoteSourceControl",
      "location" : "https://github.com/diia-open-source/ios-uicomponents.git",
      "state" : {
        "revision" : "3e9d05b244ebe7a4d38cdf96940bbb2012ca1284",
        "version" : "1.0.18"
      }
    },
    {
      "identity" : "kingfisher",
      "kind" : "remoteSourceControl",
      "location" : "https://github.com/onevcat/Kingfisher",
      "state" : {
        "revision" : "2ef543ee21d63734e1c004ad6c870255e8716c50",
        "version" : "7.12.0"
      }
    },
    {
      "identity" : "lottie-spm",
      "kind" : "remoteSourceControl",
      "location" : "https://github.com/airbnb/lottie-spm.git",
      "state" : {
        "revision" : "60ea4f82fba8b4cb21a75665a889e86ed4d81c6e",
        "version" : "4.2.0"
      }
    },
    {
      "identity" : "reactivekit",
      "kind" : "remoteSourceControl",
      "location" : "https://github.com/DeclarativeHub/ReactiveKit.git",
      "state" : {
        "revision" : "ca6619a7752f9e475fc51b8c2b6db82e66964823",
        "version" : "3.16.2"
      }
    },
    {
      "identity" : "swiftmessages",
      "kind" : "remoteSourceControl",
      "location" : "https://github.com/SwiftKickMobile/SwiftMessages",
      "state" : {
        "revision" : "62e12e138fc3eedf88c7553dd5d98712aa119f40",
        "version" : "9.0.9"
      }
    },
    {
      "identity" : "swiftyjson",
      "kind" : "remoteSourceControl",
      "location" : "https://github.com/SwiftyJSON/SwiftyJSON.git",
      "state" : {
        "revision" : "2b6054efa051565954e1d2b9da831680026cd768",
        "version" : "4.3.0"
      }
    }
  ],
  "version" : 3
}
