// !$*UTF8*$!
{
	archiveVersion = 1;
	classes = {
	};
	objectVersion = 56;
	objects = {

/* Begin PBXBuildFile section */
		165BBC822F3CCCC500FE1C08 /* DiiaDocuments in Frameworks */ = {isa = PBXBuildFile; productRef = 165BBC812F3CCCC500FE1C08 /* DiiaDocuments */; };
		165BBC842F3CCCC500FE1C08 /* DiiaDocumentsCommonTypes in Frameworks */ = {isa = PBXBuildFile; productRef = 165BBC832F3CCCC500FE1C08 /* DiiaDocumentsCommonTypes */; };
		165BBC862F3CCCC500FE1C08 /* DiiaDocumentsCore in Frameworks */ = {isa = PBXBuildFile; productRef = 165BBC852F3CCCC500FE1C08 /* DiiaDocumentsCore */; };
		16743A142F3A212D006E79D8 /* TitleTableCell.swift in Sources */ = {isa = PBXBuildFile; fileRef = 16743A132F3A212D006E79D8 /* TitleTableCell.swift */; };
		16743A192F3A2BBC006E79D8 /* DocumentReorderingService.swift in Sources */ = {isa = PBXBuildFile; fileRef = 16743A172F3A2BBC006E79D8 /* DocumentReorderingService.swift */; };
		332236042B87927800E6B7AF /* README.md in Resources */ = {isa = PBXBuildFile; fileRef = 332236032B87927700E6B7AF /* README.md */; };
		3329AF692B29F928004B8517 /* AuthorizationContext+Extension.swift in Sources */ = {isa = PBXBuildFile; fileRef = 3329AF682B29F928004B8517 /* AuthorizationContext+Extension.swift */; };
		3329AF6B2B29F944004B8517 /* UserAuthorizationErrorRouter.swift in Sources */ = {isa = PBXBuildFile; fileRef = 3329AF6A2B29F944004B8517 /* UserAuthorizationErrorRouter.swift */; };
		3329AF6D2B2A1D96004B8517 /* VerificationFlow.swift in Sources */ = {isa = PBXBuildFile; fileRef = 3329AF6C2B2A1D96004B8517 /* VerificationFlow.swift */; };
		3329AF732B2A1EE6004B8517 /* ChangePincodeModuleContext+Extension.swift in Sources */ = {isa = PBXBuildFile; fileRef = 3329AF722B2A1EE6004B8517 /* ChangePincodeModuleContext+Extension.swift */; };
		3329AF782B2A1F1F004B8517 /* EnterPinCodeModuleContext+Extension.swift in Sources */ = {isa = PBXBuildFile; fileRef = 3329AF742B2A1F1F004B8517 /* EnterPinCodeModuleContext+Extension.swift */; };
		3329AF792B2A1F1F004B8517 /* PinCodeStorage.swift in Sources */ = {isa = PBXBuildFile; fileRef = 3329AF752B2A1F1F004B8517 /* PinCodeStorage.swift */; };
		3329AF7A2B2A1F1F004B8517 /* EnterPinCodeAuthDelegate.swift in Sources */ = {isa = PBXBuildFile; fileRef = 3329AF762B2A1F1F004B8517 /* EnterPinCodeAuthDelegate.swift */; };
		3329AF7B2B2A1F1F004B8517 /* EnterPinCodeViewModel+Extension.swift in Sources */ = {isa = PBXBuildFile; fileRef = 3329AF772B2A1F1F004B8517 /* EnterPinCodeViewModel+Extension.swift */; };
		3329AF7E2B2A5201004B8517 /* AuthorizationApiClient+Extension.swift in Sources */ = {isa = PBXBuildFile; fileRef = 3329AF7D2B2A5201004B8517 /* AuthorizationApiClient+Extension.swift */; };
		339AE86A2B5E6C6100C21112 /* DiiaUIComponents in Frameworks */ = {isa = PBXBuildFile; productRef = 339AE8692B5E6C6100C21112 /* DiiaUIComponents */; };
		339AE86C2B5E6C8500C21112 /* DiiaMVPModule in Frameworks */ = {isa = PBXBuildFile; productRef = 339AE86B2B5E6C8500C21112 /* DiiaMVPModule */; };
		339AE8702B5E6CA200C21112 /* DiiaCommonTypes in Frameworks */ = {isa = PBXBuildFile; productRef = 339AE86F2B5E6CA200C21112 /* DiiaCommonTypes */; };
		339AE8722B5E6CC000C21112 /* DiiaCommonServices in Frameworks */ = {isa = PBXBuildFile; productRef = 339AE8712B5E6CC000C21112 /* DiiaCommonServices */; };
		339AE8742B5E6CCF00C21112 /* DiiaPublicServices in Frameworks */ = {isa = PBXBuildFile; productRef = 339AE8732B5E6CCF00C21112 /* DiiaPublicServices */; };
		339AE87C2B5E6CFE00C21112 /* DiiaAuthorization in Frameworks */ = {isa = PBXBuildFile; productRef = 339AE87B2B5E6CFE00C21112 /* DiiaAuthorization */; };
		339AE87E2B5E6CFE00C21112 /* DiiaAuthorizationMethods in Frameworks */ = {isa = PBXBuildFile; productRef = 339AE87D2B5E6CFE00C21112 /* DiiaAuthorizationMethods */; };
		339AE8802B5E6CFE00C21112 /* DiiaAuthorizationPinCode in Frameworks */ = {isa = PBXBuildFile; productRef = 339AE87F2B5E6CFE00C21112 /* DiiaAuthorizationPinCode */; };
		33B035332B29CF1700374227 /* AuthorizationStorage.swift in Sources */ = {isa = PBXBuildFile; fileRef = 33B035322B29CF1700374227 /* AuthorizationStorage.swift */; };
		33C550412B48B6A200E100CD /* Lottie in Frameworks */ = {isa = PBXBuildFile; productRef = 33C550402B48B6A200E100CD /* Lottie */; };
		42F49A0C2DCC94C800B8D36F /* ContextMenuConfigurable.swift in Sources */ = {isa = PBXBuildFile; fileRef = 42F49A0B2DCC94C800B8D36F /* ContextMenuConfigurable.swift */; };
		42F922AF29FBDC820072DDC1 /* LaunchScreen.storyboard in Resources */ = {isa = PBXBuildFile; fileRef = 42F922AD29FBDC820072DDC1 /* LaunchScreen.storyboard */; };
		42F922C229FBF4C10072DDC1 /* AppConfigurator.swift in Sources */ = {isa = PBXBuildFile; fileRef = 42F922BD29FBF4C10072DDC1 /* AppConfigurator.swift */; };
		42F922C329FBF4C10072DDC1 /* AppConstants.swift in Sources */ = {isa = PBXBuildFile; fileRef = 42F922BE29FBF4C10072DDC1 /* AppConstants.swift */; };
		42F922C429FBF4C10072DDC1 /* AppRouter.swift in Sources */ = {isa = PBXBuildFile; fileRef = 42F922BF29FBF4C10072DDC1 /* AppRouter.swift */; };
		42F922C529FBF4C10072DDC1 /* EnvironmentVars.swift in Sources */ = {isa = PBXBuildFile; fileRef = 42F922C029FBF4C10072DDC1 /* EnvironmentVars.swift */; };
		42F923D529FBF61B0072DDC1 /* UIScreen+Brightness.swift in Sources */ = {isa = PBXBuildFile; fileRef = 42F922FF29FBF61B0072DDC1 /* UIScreen+Brightness.swift */; };
		42F923FA29FBF61B0072DDC1 /* DeepLinkRoute.swift in Sources */ = {isa = PBXBuildFile; fileRef = 42F9232729FBF61B0072DDC1 /* DeepLinkRoute.swift */; };
		42F923FC29FBF61B0072DDC1 /* DeepLinkManager.swift in Sources */ = {isa = PBXBuildFile; fileRef = 42F9232929FBF61B0072DDC1 /* DeepLinkManager.swift */; };
		42F923FD29FBF61B0072DDC1 /* DeeplinksRoutersList.swift in Sources */ = {isa = PBXBuildFile; fileRef = 42F9232A29FBF61B0072DDC1 /* DeeplinksRoutersList.swift */; };
		42F9244729FBF61B0072DDC1 /* StoreHelper.swift in Sources */ = {isa = PBXBuildFile; fileRef = 42F9237F29FBF61B0072DDC1 /* StoreHelper.swift */; };
		42F9244D29FBF61B0072DDC1 /* ScreenBrightnessHelper.swift in Sources */ = {isa = PBXBuildFile; fileRef = 42F9238529FBF61B0072DDC1 /* ScreenBrightnessHelper.swift */; };
		42F9244E29FBF61B0072DDC1 /* AccessHelper.swift in Sources */ = {isa = PBXBuildFile; fileRef = 42F9238729FBF61B0072DDC1 /* AccessHelper.swift */; };
		42F9245029FBF61B0072DDC1 /* CameraAccessChecker.swift in Sources */ = {isa = PBXBuildFile; fileRef = 42F9238929FBF61B0072DDC1 /* CameraAccessChecker.swift */; };
		42F9245A29FBF61B0072DDC1 /* Logging.swift in Sources */ = {isa = PBXBuildFile; fileRef = 42F9239529FBF61B0072DDC1 /* Logging.swift */; };
		42F9310829FBF7D10072DDC1 /* QRCodeScannerModule.swift in Sources */ = {isa = PBXBuildFile; fileRef = 42F9247229FBF7CD0072DDC1 /* QRCodeScannerModule.swift */; };
		42F9310929FBF7D10072DDC1 /* QRCodeScannerPresenter.swift in Sources */ = {isa = PBXBuildFile; fileRef = 42F9247329FBF7CD0072DDC1 /* QRCodeScannerPresenter.swift */; };
		42F9310A29FBF7D10072DDC1 /* QRCodeScannerViewController.storyboard in Resources */ = {isa = PBXBuildFile; fileRef = 42F9247429FBF7CD0072DDC1 /* QRCodeScannerViewController.storyboard */; };
		42F9310B29FBF7D10072DDC1 /* QRCodeScannerViewController.swift in Sources */ = {isa = PBXBuildFile; fileRef = 42F9247529FBF7CD0072DDC1 /* QRCodeScannerViewController.swift */; };
		42F9310C29FBF7D10072DDC1 /* DiiaQRScannerHelper.swift in Sources */ = {isa = PBXBuildFile; fileRef = 42F9247729FBF7CD0072DDC1 /* DiiaQRScannerHelper.swift */; };
		42F931DC29FBF7D20072DDC1 /* SplashScreenViewController.storyboard in Resources */ = {isa = PBXBuildFile; fileRef = 42F9259D29FBF7CE0072DDC1 /* SplashScreenViewController.storyboard */; };
		42F931DD29FBF7D20072DDC1 /* SplashScreenPresenter.swift in Sources */ = {isa = PBXBuildFile; fileRef = 42F9259E29FBF7CE0072DDC1 /* SplashScreenPresenter.swift */; };
		42F931DE29FBF7D20072DDC1 /* SplashScreenModule.swift in Sources */ = {isa = PBXBuildFile; fileRef = 42F9259F29FBF7CE0072DDC1 /* SplashScreenModule.swift */; };
		42F931DF29FBF7D20072DDC1 /* SplashScreenViewController.swift in Sources */ = {isa = PBXBuildFile; fileRef = 42F925A029FBF7CE0072DDC1 /* SplashScreenViewController.swift */; };
		42F9322E29FBF7D20072DDC1 /* SettingsModule.swift in Sources */ = {isa = PBXBuildFile; fileRef = 42F9261029FBF7CE0072DDC1 /* SettingsModule.swift */; };
		42F9322F29FBF7D20072DDC1 /* SettingsPresenter.swift in Sources */ = {isa = PBXBuildFile; fileRef = 42F9261129FBF7CE0072DDC1 /* SettingsPresenter.swift */; };
		42F9323029FBF7D20072DDC1 /* SettingsViewController.storyboard in Resources */ = {isa = PBXBuildFile; fileRef = 42F9261229FBF7CE0072DDC1 /* SettingsViewController.storyboard */; };
		42F9323129FBF7D20072DDC1 /* SettingsViewController.swift in Sources */ = {isa = PBXBuildFile; fileRef = 42F9261329FBF7CE0072DDC1 /* SettingsViewController.swift */; };
		42F9324629FBF7D20072DDC1 /* TitleCellViewModel.swift in Sources */ = {isa = PBXBuildFile; fileRef = 42F9263129FBF7CE0072DDC1 /* TitleCellViewModel.swift */; };
		42F9324F29FBF7D20072DDC1 /* TitleTableCell.xib in Resources */ = {isa = PBXBuildFile; fileRef = 42F9263C29FBF7CE0072DDC1 /* TitleTableCell.xib */; };
		42F9325629FBF7D20072DDC1 /* SettingsManager.swift in Sources */ = {isa = PBXBuildFile; fileRef = 42F9264429FBF7CE0072DDC1 /* SettingsManager.swift */; };
		42F9325729FBF7D20072DDC1 /* MenuModule.swift in Sources */ = {isa = PBXBuildFile; fileRef = 42F9264629FBF7CE0072DDC1 /* MenuModule.swift */; };
		42F9325829FBF7D20072DDC1 /* MenuViewController.storyboard in Resources */ = {isa = PBXBuildFile; fileRef = 42F9264729FBF7CE0072DDC1 /* MenuViewController.storyboard */; };
		42F9325929FBF7D20072DDC1 /* MenuPresenter.swift in Sources */ = {isa = PBXBuildFile; fileRef = 42F9264829FBF7CE0072DDC1 /* MenuPresenter.swift */; };
		42F9325A29FBF7D20072DDC1 /* MenuViewController.swift in Sources */ = {isa = PBXBuildFile; fileRef = 42F9264929FBF7CE0072DDC1 /* MenuViewController.swift */; };
		42F9339A29FBF7D30072DDC1 /* MainTabBarPresenter.swift in Sources */ = {isa = PBXBuildFile; fileRef = 42F927F729FBF7CE0072DDC1 /* MainTabBarPresenter.swift */; };
		42F9339B29FBF7D30072DDC1 /* MainTabBarModule.swift in Sources */ = {isa = PBXBuildFile; fileRef = 42F927F829FBF7CE0072DDC1 /* MainTabBarModule.swift */; };
		42F9339C29FBF7D30072DDC1 /* MainTabAction.swift in Sources */ = {isa = PBXBuildFile; fileRef = 42F927FA29FBF7CE0072DDC1 /* MainTabAction.swift */; };
		42F9339D29FBF7D30072DDC1 /* MainTabBarViewController.swift in Sources */ = {isa = PBXBuildFile; fileRef = 42F927FB29FBF7CE0072DDC1 /* MainTabBarViewController.swift */; };
		42F9339E29FBF7D30072DDC1 /* MainTabCollectionCell.swift in Sources */ = {isa = PBXBuildFile; fileRef = 42F927FD29FBF7CE0072DDC1 /* MainTabCollectionCell.swift */; };
		42F9339F29FBF7D30072DDC1 /* MainTabBarViewController.storyboard in Resources */ = {isa = PBXBuildFile; fileRef = 42F927FE29FBF7CE0072DDC1 /* MainTabBarViewController.storyboard */; };
		42F93A0529FBF7D90072DDC1 /* Localizable.strings in Resources */ = {isa = PBXBuildFile; fileRef = 42F930EA29FBF7D10072DDC1 /* Localizable.strings */; };
		42F93A0629FBF7D90072DDC1 /* Assets.xcassets in Resources */ = {isa = PBXBuildFile; fileRef = 42F930EB29FBF7D10072DDC1 /* Assets.xcassets */; };
		42F93A0729FBF7D90072DDC1 /* AppFonts.swift in Sources */ = {isa = PBXBuildFile; fileRef = 42F930ED29FBF7D10072DDC1 /* AppFonts.swift */; };
		42F93A0829FBF7D90072DDC1 /* e-UkraineHead-Regular.otf in Resources */ = {isa = PBXBuildFile; fileRef = 42F930EE29FBF7D10072DDC1 /* e-UkraineHead-Regular.otf */; };
		42F93A0929FBF7D90072DDC1 /* e-Ukraine-Medium.otf in Resources */ = {isa = PBXBuildFile; fileRef = 42F930EF29FBF7D10072DDC1 /* e-Ukraine-Medium.otf */; };
		42F93A0A29FBF7D90072DDC1 /* e-Ukraine-Bold.otf in Resources */ = {isa = PBXBuildFile; fileRef = 42F930F029FBF7D10072DDC1 /* e-Ukraine-Bold.otf */; };
		42F93A0B29FBF7D90072DDC1 /* e-Ukraine-Light.otf in Resources */ = {isa = PBXBuildFile; fileRef = 42F930F129FBF7D10072DDC1 /* e-Ukraine-Light.otf */; };
		42F93A0C29FBF7D90072DDC1 /* e-UkraineHead-Light.otf in Resources */ = {isa = PBXBuildFile; fileRef = 42F930F229FBF7D10072DDC1 /* e-UkraineHead-Light.otf */; };
		42F93A0D29FBF7D90072DDC1 /* e-Ukraine-Regular.otf in Resources */ = {isa = PBXBuildFile; fileRef = 42F930F329FBF7D10072DDC1 /* e-Ukraine-Regular.otf */; };
		42F93A2129FFB2930072DDC1 /* R+String.swift in Sources */ = {isa = PBXBuildFile; fileRef = 42F93A2029FFB2930072DDC1 /* R+String.swift */; };
		42F93A2329FFB88F0072DDC1 /* R+Images.swift in Sources */ = {isa = PBXBuildFile; fileRef = 42F93A2229FFB88F0072DDC1 /* R+Images.swift */; };
		42F93A4229FFF9F50072DDC1 /* AppDelegate.swift in Sources */ = {isa = PBXBuildFile; fileRef = 42F93A4129FFF9F50072DDC1 /* AppDelegate.swift */; };
		4937CBA02D95A7C00014D2BC /* FeedViewController.xib in Resources */ = {isa = PBXBuildFile; fileRef = 4937CB922D95A7C00014D2BC /* FeedViewController.xib */; };
		4937CBA22D95A7C00014D2BC /* FeedViewController.swift in Sources */ = {isa = PBXBuildFile; fileRef = 4937CB912D95A7C00014D2BC /* FeedViewController.swift */; };
		4937CBA62D95A7C00014D2BC /* FeedOfflineViewBuilder.swift in Sources */ = {isa = PBXBuildFile; fileRef = 4937CB8D2D95A7C00014D2BC /* FeedOfflineViewBuilder.swift */; };
		4937CBA82D95A7C00014D2BC /* FeedPresenter.swift in Sources */ = {isa = PBXBuildFile; fileRef = 4937CB902D95A7C00014D2BC /* FeedPresenter.swift */; };
		4937CBAA2D95A7C00014D2BC /* FeedModule.swift in Sources */ = {isa = PBXBuildFile; fileRef = 4937CB8F2D95A7C00014D2BC /* FeedModule.swift */; };
		4937CBB02D95AC070014D2BC /* DiiaIdSigner.swift in Sources */ = {isa = PBXBuildFile; fileRef = 4937CBAF2D95AC050014D2BC /* DiiaIdSigner.swift */; };
		7B7693C62B7AE0380007A89F /* DSImageNameResolver.swift in Sources */ = {isa = PBXBuildFile; fileRef = 7B7693C52B7AE0380007A89F /* DSImageNameResolver.swift */; };
		7B7693D12B7B02E90007A89F /* DocReorderingCellInfoView.swift in Sources */ = {isa = PBXBuildFile; fileRef = 7B7693D02B7B02E90007A89F /* DocReorderingCellInfoView.swift */; };
		7B7693D32B7B03250007A89F /* DocumentReorderingCell.swift in Sources */ = {isa = PBXBuildFile; fileRef = 7B7693D22B7B03250007A89F /* DocumentReorderingCell.swift */; };
		7B7693D52B7B03560007A89F /* MultipleDocReorderingView.swift in Sources */ = {isa = PBXBuildFile; fileRef = 7B7693D42B7B03560007A89F /* MultipleDocReorderingView.swift */; };
		7B7693DB2B7B05D60007A89F /* DocumentsStackReorderingPresenter.swift in Sources */ = {isa = PBXBuildFile; fileRef = 7B7693D72B7B05D60007A89F /* DocumentsStackReorderingPresenter.swift */; };
		7B7693DC2B7B05D60007A89F /* DocumentsStackReorderingModule.swift in Sources */ = {isa = PBXBuildFile; fileRef = 7B7693D82B7B05D60007A89F /* DocumentsStackReorderingModule.swift */; };
		7B7693DD2B7B05D60007A89F /* DocumentsStackReorderingViewController.swift in Sources */ = {isa = PBXBuildFile; fileRef = 7B7693D92B7B05D60007A89F /* DocumentsStackReorderingViewController.swift */; };
		7B7693DE2B7B05D60007A89F /* DocumentsStackReorderingViewController.xib in Resources */ = {isa = PBXBuildFile; fileRef = 7B7693DA2B7B05D60007A89F /* DocumentsStackReorderingViewController.xib */; };
		7B7693E22B7B07AD0007A89F /* DSTransparentListView.swift in Sources */ = {isa = PBXBuildFile; fileRef = 7B7693E12B7B07AD0007A89F /* DSTransparentListView.swift */; };
		7B7693E72B7C7E230007A89F /* AuthorizationStateHandler.swift in Sources */ = {isa = PBXBuildFile; fileRef = 7B7693E62B7C7E230007A89F /* AuthorizationStateHandler.swift */; };
		7B7693ED2B8741BC0007A89F /* NibLoadable+Extension.swift in Sources */ = {isa = PBXBuildFile; fileRef = 7B7693EC2B8741BC0007A89F /* NibLoadable+Extension.swift */; };
		7BD75AD92B678129000D54CA /* background_gradient.json in Resources */ = {isa = PBXBuildFile; fileRef = 7BD75AD82B678129000D54CA /* background_gradient.json */; };
		7BD75ADB2B679FCB000D54CA /* splash_cropped.json in Resources */ = {isa = PBXBuildFile; fileRef = 7BD75ADA2B679FCB000D54CA /* splash_cropped.json */; };
		7BE198EA2B14FBDF008C9FAC /* TemplateActionFactory.swift in Sources */ = {isa = PBXBuildFile; fileRef = 7BE198E92B14FBDF008C9FAC /* TemplateActionFactory.swift */; };
		7BE1992D2B16DB2D008C9FAC /* DocumentsCollectionModuleFactory.swift in Sources */ = {isa = PBXBuildFile; fileRef = 7BE1990A2B16DB2D008C9FAC /* DocumentsCollectionModuleFactory.swift */; };
		7BE199342B16DB2D008C9FAC /* AddDocumentsActionProvider.swift in Sources */ = {isa = PBXBuildFile; fileRef = 7BE199132B16DB2D008C9FAC /* AddDocumentsActionProvider.swift */; };
		7BE199362B16DB2D008C9FAC /* DocumentsProcessor.swift in Sources */ = {isa = PBXBuildFile; fileRef = 7BE199152B16DB2D008C9FAC /* DocumentsProcessor.swift */; };
		7BE199372B16DB2D008C9FAC /* DocumentsReservePhotoService.swift in Sources */ = {isa = PBXBuildFile; fileRef = 7BE199162B16DB2D008C9FAC /* DocumentsReservePhotoService.swift */; };
		7BE1993B2B16DB2D008C9FAC /* DocumentsReorderingModule.swift in Sources */ = {isa = PBXBuildFile; fileRef = 7BE1991B2B16DB2D008C9FAC /* DocumentsReorderingModule.swift */; };
		7BE1993C2B16DB2D008C9FAC /* DocumentsReorderingPresenter.swift in Sources */ = {isa = PBXBuildFile; fileRef = 7BE1991C2B16DB2D008C9FAC /* DocumentsReorderingPresenter.swift */; };
		7BE1993D2B16DB2D008C9FAC /* DocumentsReorderingViewController.xib in Resources */ = {isa = PBXBuildFile; fileRef = 7BE1991D2B16DB2D008C9FAC /* DocumentsReorderingViewController.xib */; };
		7BE199402B16DB2D008C9FAC /* DocumentsReorderingViewController.swift in Sources */ = {isa = PBXBuildFile; fileRef = 7BE199212B16DB2D008C9FAC /* DocumentsReorderingViewController.swift */; };
		7BE1994E2B16E393008C9FAC /* DocType.swift in Sources */ = {isa = PBXBuildFile; fileRef = 7BE1994D2B16E393008C9FAC /* DocType.swift */; };
		7BE199502B16E543008C9FAC /* DocumentsResponse.swift in Sources */ = {isa = PBXBuildFile; fileRef = 7BE1994F2B16E543008C9FAC /* DocumentsResponse.swift */; };
		7BE199522B16E5E1008C9FAC /* ServicesProvider.swift in Sources */ = {isa = PBXBuildFile; fileRef = 7BE199512B16E5E1008C9FAC /* ServicesProvider.swift */; };
		7BE199642B17C230008C9FAC /* FaqOpener.swift in Sources */ = {isa = PBXBuildFile; fileRef = 7BE199632B17C230008C9FAC /* FaqOpener.swift */; };
		7BE199672B17C319008C9FAC /* DriverReplacementStubModule.swift in Sources */ = {isa = PBXBuildFile; fileRef = 7BE199662B17C319008C9FAC /* DriverReplacementStubModule.swift */; };
		9487B53F2B76594800571A1D /* Alamofire in Frameworks */ = {isa = PBXBuildFile; productRef = 9487B53E2B76594800571A1D /* Alamofire */; };
		9487B5422B765B8600571A1D /* ReactiveKit in Frameworks */ = {isa = PBXBuildFile; productRef = 9487B5412B765B8600571A1D /* ReactiveKit */; };
		CB42090B2E9D272C00266703 /* LinkResponse.swift in Sources */ = {isa = PBXBuildFile; fileRef = CB42090A2E9D272C00266703 /* LinkResponse.swift */; };
/* End PBXBuildFile section */

/* Begin PBXFileReference section */
		16743A132F3A212D006E79D8 /* TitleTableCell.swift */ = {isa = PBXFileReference; lastKnownFileType = sourcecode.swift; path = TitleTableCell.swift; sourceTree = "<group>"; };
		16743A172F3A2BBC006E79D8 /* DocumentReorderingService.swift */ = {isa = PBXFileReference; lastKnownFileType = sourcecode.swift; path = DocumentReorderingService.swift; sourceTree = "<group>"; };
		332236032B87927700E6B7AF /* README.md */ = {isa = PBXFileReference; fileEncoding = 4; lastKnownFileType = net.daringfireball.markdown; path = README.md; sourceTree = "<group>"; };
		3329AF682B29F928004B8517 /* AuthorizationContext+Extension.swift */ = {isa = PBXFileReference; fileEncoding = 4; lastKnownFileType = sourcecode.swift; path = "AuthorizationContext+Extension.swift"; sourceTree = "<group>"; };
		3329AF6A2B29F944004B8517 /* UserAuthorizationErrorRouter.swift */ = {isa = PBXFileReference; lastKnownFileType = sourcecode.swift; path = UserAuthorizationErrorRouter.swift; sourceTree = "<group>"; };
		3329AF6C2B2A1D96004B8517 /* VerificationFlow.swift */ = {isa = PBXFileReference; lastKnownFileType = sourcecode.swift; path = VerificationFlow.swift; sourceTree = "<group>"; };
		3329AF722B2A1EE6004B8517 /* ChangePincodeModuleContext+Extension.swift */ = {isa = PBXFileReference; fileEncoding = 4; lastKnownFileType = sourcecode.swift; path = "ChangePincodeModuleContext+Extension.swift"; sourceTree = "<group>"; };
		3329AF742B2A1F1F004B8517 /* EnterPinCodeModuleContext+Extension.swift */ = {isa = PBXFileReference; fileEncoding = 4; lastKnownFileType = sourcecode.swift; path = "EnterPinCodeModuleContext+Extension.swift"; sourceTree = "<group>"; };
		3329AF752B2A1F1F004B8517 /* PinCodeStorage.swift */ = {isa = PBXFileReference; fileEncoding = 4; lastKnownFileType = sourcecode.swift; path = PinCodeStorage.swift; sourceTree = "<group>"; };
		3329AF762B2A1F1F004B8517 /* EnterPinCodeAuthDelegate.swift */ = {isa = PBXFileReference; fileEncoding = 4; lastKnownFileType = sourcecode.swift; path = EnterPinCodeAuthDelegate.swift; sourceTree = "<group>"; };
		3329AF772B2A1F1F004B8517 /* EnterPinCodeViewModel+Extension.swift */ = {isa = PBXFileReference; fileEncoding = 4; lastKnownFileType = sourcecode.swift; path = "EnterPinCodeViewModel+Extension.swift"; sourceTree = "<group>"; };
		3329AF7D2B2A5201004B8517 /* AuthorizationApiClient+Extension.swift */ = {isa = PBXFileReference; fileEncoding = 4; lastKnownFileType = sourcecode.swift; path = "AuthorizationApiClient+Extension.swift"; sourceTree = "<group>"; };
		33B035322B29CF1700374227 /* AuthorizationStorage.swift */ = {isa = PBXFileReference; fileEncoding = 4; lastKnownFileType = sourcecode.swift; path = AuthorizationStorage.swift; sourceTree = "<group>"; };
		42F49A0B2DCC94C800B8D36F /* ContextMenuConfigurable.swift */ = {isa = PBXFileReference; fileEncoding = 4; lastKnownFileType = sourcecode.swift; path = ContextMenuConfigurable.swift; sourceTree = "<group>"; };
		42F9229F29FBDC820072DDC1 /* DiiaOpenSource.app */ = {isa = PBXFileReference; explicitFileType = wrapper.application; includeInIndex = 0; path = DiiaOpenSource.app; sourceTree = BUILT_PRODUCTS_DIR; };
		42F922AE29FBDC820072DDC1 /* Base */ = {isa = PBXFileReference; lastKnownFileType = file.storyboard; name = Base; path = Base.lproj/LaunchScreen.storyboard; sourceTree = "<group>"; };
		42F922B029FBDC820072DDC1 /* Info.plist */ = {isa = PBXFileReference; lastKnownFileType = text.plist.xml; path = Info.plist; sourceTree = "<group>"; };
		42F922BD29FBF4C10072DDC1 /* AppConfigurator.swift */ = {isa = PBXFileReference; fileEncoding = 4; lastKnownFileType = sourcecode.swift; path = AppConfigurator.swift; sourceTree = "<group>"; };
		42F922BE29FBF4C10072DDC1 /* AppConstants.swift */ = {isa = PBXFileReference; fileEncoding = 4; lastKnownFileType = sourcecode.swift; path = AppConstants.swift; sourceTree = "<group>"; };
		42F922BF29FBF4C10072DDC1 /* AppRouter.swift */ = {isa = PBXFileReference; fileEncoding = 4; lastKnownFileType = sourcecode.swift; path = AppRouter.swift; sourceTree = "<group>"; };
		42F922C029FBF4C10072DDC1 /* EnvironmentVars.swift */ = {isa = PBXFileReference; fileEncoding = 4; lastKnownFileType = sourcecode.swift; path = EnvironmentVars.swift; sourceTree = "<group>"; };
		42F922FF29FBF61B0072DDC1 /* UIScreen+Brightness.swift */ = {isa = PBXFileReference; fileEncoding = 4; lastKnownFileType = sourcecode.swift; path = "UIScreen+Brightness.swift"; sourceTree = "<group>"; };
		42F9232729FBF61B0072DDC1 /* DeepLinkRoute.swift */ = {isa = PBXFileReference; fileEncoding = 4; lastKnownFileType = sourcecode.swift; path = DeepLinkRoute.swift; sourceTree = "<group>"; };
		42F9232929FBF61B0072DDC1 /* DeepLinkManager.swift */ = {isa = PBXFileReference; fileEncoding = 4; lastKnownFileType = sourcecode.swift; path = DeepLinkManager.swift; sourceTree = "<group>"; };
		42F9232A29FBF61B0072DDC1 /* DeeplinksRoutersList.swift */ = {isa = PBXFileReference; fileEncoding = 4; lastKnownFileType = sourcecode.swift; path = DeeplinksRoutersList.swift; sourceTree = "<group>"; };
		42F9237F29FBF61B0072DDC1 /* StoreHelper.swift */ = {isa = PBXFileReference; fileEncoding = 4; lastKnownFileType = sourcecode.swift; path = StoreHelper.swift; sourceTree = "<group>"; };
		42F9238529FBF61B0072DDC1 /* ScreenBrightnessHelper.swift */ = {isa = PBXFileReference; fileEncoding = 4; lastKnownFileType = sourcecode.swift; path = ScreenBrightnessHelper.swift; sourceTree = "<group>"; };
		42F9238729FBF61B0072DDC1 /* AccessHelper.swift */ = {isa = PBXFileReference; fileEncoding = 4; lastKnownFileType = sourcecode.swift; path = AccessHelper.swift; sourceTree = "<group>"; };
		42F9238929FBF61B0072DDC1 /* CameraAccessChecker.swift */ = {isa = PBXFileReference; fileEncoding = 4; lastKnownFileType = sourcecode.swift; path = CameraAccessChecker.swift; sourceTree = "<group>"; };
		42F9239529FBF61B0072DDC1 /* Logging.swift */ = {isa = PBXFileReference; fileEncoding = 4; lastKnownFileType = sourcecode.swift; path = Logging.swift; sourceTree = "<group>"; };
		42F9247229FBF7CD0072DDC1 /* QRCodeScannerModule.swift */ = {isa = PBXFileReference; fileEncoding = 4; lastKnownFileType = sourcecode.swift; path = QRCodeScannerModule.swift; sourceTree = "<group>"; };
		42F9247329FBF7CD0072DDC1 /* QRCodeScannerPresenter.swift */ = {isa = PBXFileReference; fileEncoding = 4; lastKnownFileType = sourcecode.swift; path = QRCodeScannerPresenter.swift; sourceTree = "<group>"; };
		42F9247429FBF7CD0072DDC1 /* QRCodeScannerViewController.storyboard */ = {isa = PBXFileReference; fileEncoding = 4; lastKnownFileType = file.storyboard; path = QRCodeScannerViewController.storyboard; sourceTree = "<group>"; };
		42F9247529FBF7CD0072DDC1 /* QRCodeScannerViewController.swift */ = {isa = PBXFileReference; fileEncoding = 4; lastKnownFileType = sourcecode.swift; path = QRCodeScannerViewController.swift; sourceTree = "<group>"; };
		42F9247729FBF7CD0072DDC1 /* DiiaQRScannerHelper.swift */ = {isa = PBXFileReference; fileEncoding = 4; lastKnownFileType = sourcecode.swift; path = DiiaQRScannerHelper.swift; sourceTree = "<group>"; };
		42F9259D29FBF7CE0072DDC1 /* SplashScreenViewController.storyboard */ = {isa = PBXFileReference; fileEncoding = 4; lastKnownFileType = file.storyboard; path = SplashScreenViewController.storyboard; sourceTree = "<group>"; };
		42F9259E29FBF7CE0072DDC1 /* SplashScreenPresenter.swift */ = {isa = PBXFileReference; fileEncoding = 4; lastKnownFileType = sourcecode.swift; path = SplashScreenPresenter.swift; sourceTree = "<group>"; };
		42F9259F29FBF7CE0072DDC1 /* SplashScreenModule.swift */ = {isa = PBXFileReference; fileEncoding = 4; lastKnownFileType = sourcecode.swift; path = SplashScreenModule.swift; sourceTree = "<group>"; };
		42F925A029FBF7CE0072DDC1 /* SplashScreenViewController.swift */ = {isa = PBXFileReference; fileEncoding = 4; lastKnownFileType = sourcecode.swift; path = SplashScreenViewController.swift; sourceTree = "<group>"; };
		42F9261029FBF7CE0072DDC1 /* SettingsModule.swift */ = {isa = PBXFileReference; fileEncoding = 4; lastKnownFileType = sourcecode.swift; path = SettingsModule.swift; sourceTree = "<group>"; };
		42F9261129FBF7CE0072DDC1 /* SettingsPresenter.swift */ = {isa = PBXFileReference; fileEncoding = 4; lastKnownFileType = sourcecode.swift; path = SettingsPresenter.swift; sourceTree = "<group>"; };
		42F9261229FBF7CE0072DDC1 /* SettingsViewController.storyboard */ = {isa = PBXFileReference; fileEncoding = 4; lastKnownFileType = file.storyboard; path = SettingsViewController.storyboard; sourceTree = "<group>"; };
		42F9261329FBF7CE0072DDC1 /* SettingsViewController.swift */ = {isa = PBXFileReference; fileEncoding = 4; lastKnownFileType = sourcecode.swift; path = SettingsViewController.swift; sourceTree = "<group>"; };
		42F9263129FBF7CE0072DDC1 /* TitleCellViewModel.swift */ = {isa = PBXFileReference; fileEncoding = 4; lastKnownFileType = sourcecode.swift; path = TitleCellViewModel.swift; sourceTree = "<group>"; };
		42F9263C29FBF7CE0072DDC1 /* TitleTableCell.xib */ = {isa = PBXFileReference; fileEncoding = 4; lastKnownFileType = file.xib; path = TitleTableCell.xib; sourceTree = "<group>"; };
		42F9264429FBF7CE0072DDC1 /* SettingsManager.swift */ = {isa = PBXFileReference; fileEncoding = 4; lastKnownFileType = sourcecode.swift; path = SettingsManager.swift; sourceTree = "<group>"; };
		42F9264629FBF7CE0072DDC1 /* MenuModule.swift */ = {isa = PBXFileReference; fileEncoding = 4; lastKnownFileType = sourcecode.swift; path = MenuModule.swift; sourceTree = "<group>"; };
		42F9264729FBF7CE0072DDC1 /* MenuViewController.storyboard */ = {isa = PBXFileReference; fileEncoding = 4; lastKnownFileType = file.storyboard; path = MenuViewController.storyboard; sourceTree = "<group>"; };
		42F9264829FBF7CE0072DDC1 /* MenuPresenter.swift */ = {isa = PBXFileReference; fileEncoding = 4; lastKnownFileType = sourcecode.swift; path = MenuPresenter.swift; sourceTree = "<group>"; };
		42F9264929FBF7CE0072DDC1 /* MenuViewController.swift */ = {isa = PBXFileReference; fileEncoding = 4; lastKnownFileType = sourcecode.swift; path = MenuViewController.swift; sourceTree = "<group>"; };
		42F927F729FBF7CE0072DDC1 /* MainTabBarPresenter.swift */ = {isa = PBXFileReference; fileEncoding = 4; lastKnownFileType = sourcecode.swift; path = MainTabBarPresenter.swift; sourceTree = "<group>"; };
		42F927F829FBF7CE0072DDC1 /* MainTabBarModule.swift */ = {isa = PBXFileReference; fileEncoding = 4; lastKnownFileType = sourcecode.swift; path = MainTabBarModule.swift; sourceTree = "<group>"; };
		42F927FA29FBF7CE0072DDC1 /* MainTabAction.swift */ = {isa = PBXFileReference; fileEncoding = 4; lastKnownFileType = sourcecode.swift; path = MainTabAction.swift; sourceTree = "<group>"; };
		42F927FB29FBF7CE0072DDC1 /* MainTabBarViewController.swift */ = {isa = PBXFileReference; fileEncoding = 4; lastKnownFileType = sourcecode.swift; path = MainTabBarViewController.swift; sourceTree = "<group>"; };
		42F927FD29FBF7CE0072DDC1 /* MainTabCollectionCell.swift */ = {isa = PBXFileReference; fileEncoding = 4; lastKnownFileType = sourcecode.swift; path = MainTabCollectionCell.swift; sourceTree = "<group>"; };
		42F927FE29FBF7CE0072DDC1 /* MainTabBarViewController.storyboard */ = {isa = PBXFileReference; fileEncoding = 4; lastKnownFileType = file.storyboard; path = MainTabBarViewController.storyboard; sourceTree = "<group>"; };
		42F930EA29FBF7D10072DDC1 /* Localizable.strings */ = {isa = PBXFileReference; fileEncoding = 4; lastKnownFileType = text.plist.strings; path = Localizable.strings; sourceTree = "<group>"; };
		42F930EB29FBF7D10072DDC1 /* Assets.xcassets */ = {isa = PBXFileReference; lastKnownFileType = folder.assetcatalog; path = Assets.xcassets; sourceTree = "<group>"; };
		42F930ED29FBF7D10072DDC1 /* AppFonts.swift */ = {isa = PBXFileReference; fileEncoding = 4; lastKnownFileType = sourcecode.swift; path = AppFonts.swift; sourceTree = "<group>"; };
		42F930EE29FBF7D10072DDC1 /* e-UkraineHead-Regular.otf */ = {isa = PBXFileReference; lastKnownFileType = file; path = "e-UkraineHead-Regular.otf"; sourceTree = "<group>"; };
		42F930EF29FBF7D10072DDC1 /* e-Ukraine-Medium.otf */ = {isa = PBXFileReference; lastKnownFileType = file; path = "e-Ukraine-Medium.otf"; sourceTree = "<group>"; };
		42F930F029FBF7D10072DDC1 /* e-Ukraine-Bold.otf */ = {isa = PBXFileReference; lastKnownFileType = file; path = "e-Ukraine-Bold.otf"; sourceTree = "<group>"; };
		42F930F129FBF7D10072DDC1 /* e-Ukraine-Light.otf */ = {isa = PBXFileReference; lastKnownFileType = file; path = "e-Ukraine-Light.otf"; sourceTree = "<group>"; };
		42F930F229FBF7D10072DDC1 /* e-UkraineHead-Light.otf */ = {isa = PBXFileReference; lastKnownFileType = file; path = "e-UkraineHead-Light.otf"; sourceTree = "<group>"; };
		42F930F329FBF7D10072DDC1 /* e-Ukraine-Regular.otf */ = {isa = PBXFileReference; lastKnownFileType = file; path = "e-Ukraine-Regular.otf"; sourceTree = "<group>"; };
		42F9310229FBF7D10072DDC1 /* DiiaDev.xcconfig */ = {isa = PBXFileReference; fileEncoding = 4; lastKnownFileType = text.xcconfig; path = DiiaDev.xcconfig; sourceTree = "<group>"; };
		42F93A2029FFB2930072DDC1 /* R+String.swift */ = {isa = PBXFileReference; lastKnownFileType = sourcecode.swift; path = "R+String.swift"; sourceTree = "<group>"; };
		42F93A2229FFB88F0072DDC1 /* R+Images.swift */ = {isa = PBXFileReference; lastKnownFileType = sourcecode.swift; path = "R+Images.swift"; sourceTree = "<group>"; };
		42F93A4129FFF9F50072DDC1 /* AppDelegate.swift */ = {isa = PBXFileReference; fileEncoding = 4; lastKnownFileType = sourcecode.swift; path = AppDelegate.swift; sourceTree = "<group>"; };
		4937CB8D2D95A7C00014D2BC /* FeedOfflineViewBuilder.swift */ = {isa = PBXFileReference; lastKnownFileType = sourcecode.swift; path = FeedOfflineViewBuilder.swift; sourceTree = "<group>"; };
		4937CB8F2D95A7C00014D2BC /* FeedModule.swift */ = {isa = PBXFileReference; lastKnownFileType = sourcecode.swift; path = FeedModule.swift; sourceTree = "<group>"; };
		4937CB902D95A7C00014D2BC /* FeedPresenter.swift */ = {isa = PBXFileReference; lastKnownFileType = sourcecode.swift; path = FeedPresenter.swift; sourceTree = "<group>"; };
		4937CB912D95A7C00014D2BC /* FeedViewController.swift */ = {isa = PBXFileReference; lastKnownFileType = sourcecode.swift; path = FeedViewController.swift; sourceTree = "<group>"; };
		4937CB922D95A7C00014D2BC /* FeedViewController.xib */ = {isa = PBXFileReference; lastKnownFileType = file.xib; path = FeedViewController.xib; sourceTree = "<group>"; };
		4937CBAF2D95AC050014D2BC /* DiiaIdSigner.swift */ = {isa = PBXFileReference; lastKnownFileType = sourcecode.swift; path = DiiaIdSigner.swift; sourceTree = "<group>"; };
		7B7693C52B7AE0380007A89F /* DSImageNameResolver.swift */ = {isa = PBXFileReference; lastKnownFileType = sourcecode.swift; path = DSImageNameResolver.swift; sourceTree = "<group>"; };
		7B7693D02B7B02E90007A89F /* DocReorderingCellInfoView.swift */ = {isa = PBXFileReference; lastKnownFileType = sourcecode.swift; path = DocReorderingCellInfoView.swift; sourceTree = "<group>"; };
		7B7693D22B7B03250007A89F /* DocumentReorderingCell.swift */ = {isa = PBXFileReference; lastKnownFileType = sourcecode.swift; path = DocumentReorderingCell.swift; sourceTree = "<group>"; };
		7B7693D42B7B03560007A89F /* MultipleDocReorderingView.swift */ = {isa = PBXFileReference; lastKnownFileType = sourcecode.swift; path = MultipleDocReorderingView.swift; sourceTree = "<group>"; };
		7B7693D72B7B05D60007A89F /* DocumentsStackReorderingPresenter.swift */ = {isa = PBXFileReference; fileEncoding = 4; lastKnownFileType = sourcecode.swift; path = DocumentsStackReorderingPresenter.swift; sourceTree = "<group>"; };
		7B7693D82B7B05D60007A89F /* DocumentsStackReorderingModule.swift */ = {isa = PBXFileReference; fileEncoding = 4; lastKnownFileType = sourcecode.swift; path = DocumentsStackReorderingModule.swift; sourceTree = "<group>"; };
		7B7693D92B7B05D60007A89F /* DocumentsStackReorderingViewController.swift */ = {isa = PBXFileReference; fileEncoding = 4; lastKnownFileType = sourcecode.swift; path = DocumentsStackReorderingViewController.swift; sourceTree = "<group>"; };
		7B7693DA2B7B05D60007A89F /* DocumentsStackReorderingViewController.xib */ = {isa = PBXFileReference; fileEncoding = 4; lastKnownFileType = file.xib; path = DocumentsStackReorderingViewController.xib; sourceTree = "<group>"; };
		7B7693E12B7B07AD0007A89F /* DSTransparentListView.swift */ = {isa = PBXFileReference; lastKnownFileType = sourcecode.swift; path = DSTransparentListView.swift; sourceTree = "<group>"; };
		7B7693E62B7C7E230007A89F /* AuthorizationStateHandler.swift */ = {isa = PBXFileReference; lastKnownFileType = sourcecode.swift; path = AuthorizationStateHandler.swift; sourceTree = "<group>"; };
		7B7693EC2B8741BC0007A89F /* NibLoadable+Extension.swift */ = {isa = PBXFileReference; lastKnownFileType = sourcecode.swift; path = "NibLoadable+Extension.swift"; sourceTree = "<group>"; };
		7BD75AD82B678129000D54CA /* background_gradient.json */ = {isa = PBXFileReference; fileEncoding = 4; lastKnownFileType = text.json; path = background_gradient.json; sourceTree = "<group>"; };
		7BD75ADA2B679FCB000D54CA /* splash_cropped.json */ = {isa = PBXFileReference; fileEncoding = 4; lastKnownFileType = text.json; path = splash_cropped.json; sourceTree = "<group>"; };
		7BE198E92B14FBDF008C9FAC /* TemplateActionFactory.swift */ = {isa = PBXFileReference; fileEncoding = 4; lastKnownFileType = sourcecode.swift; path = TemplateActionFactory.swift; sourceTree = "<group>"; };
		7BE1990A2B16DB2D008C9FAC /* DocumentsCollectionModuleFactory.swift */ = {isa = PBXFileReference; fileEncoding = 4; lastKnownFileType = sourcecode.swift; path = DocumentsCollectionModuleFactory.swift; sourceTree = "<group>"; };
		7BE199132B16DB2D008C9FAC /* AddDocumentsActionProvider.swift */ = {isa = PBXFileReference; fileEncoding = 4; lastKnownFileType = sourcecode.swift; path = AddDocumentsActionProvider.swift; sourceTree = "<group>"; };
		7BE199152B16DB2D008C9FAC /* DocumentsProcessor.swift */ = {isa = PBXFileReference; fileEncoding = 4; lastKnownFileType = sourcecode.swift; path = DocumentsProcessor.swift; sourceTree = "<group>"; };
		7BE199162B16DB2D008C9FAC /* DocumentsReservePhotoService.swift */ = {isa = PBXFileReference; fileEncoding = 4; lastKnownFileType = sourcecode.swift; path = DocumentsReservePhotoService.swift; sourceTree = "<group>"; };
		7BE1991B2B16DB2D008C9FAC /* DocumentsReorderingModule.swift */ = {isa = PBXFileReference; fileEncoding = 4; lastKnownFileType = sourcecode.swift; path = DocumentsReorderingModule.swift; sourceTree = "<group>"; };
		7BE1991C2B16DB2D008C9FAC /* DocumentsReorderingPresenter.swift */ = {isa = PBXFileReference; fileEncoding = 4; lastKnownFileType = sourcecode.swift; path = DocumentsReorderingPresenter.swift; sourceTree = "<group>"; };
		7BE1991D2B16DB2D008C9FAC /* DocumentsReorderingViewController.xib */ = {isa = PBXFileReference; fileEncoding = 4; lastKnownFileType = file.xib; path = DocumentsReorderingViewController.xib; sourceTree = "<group>"; };
		7BE199212B16DB2D008C9FAC /* DocumentsReorderingViewController.swift */ = {isa = PBXFileReference; fileEncoding = 4; lastKnownFileType = sourcecode.swift; path = DocumentsReorderingViewController.swift; sourceTree = "<group>"; };
		7BE1994D2B16E393008C9FAC /* DocType.swift */ = {isa = PBXFileReference; lastKnownFileType = sourcecode.swift; path = DocType.swift; sourceTree = "<group>"; };
		7BE1994F2B16E543008C9FAC /* DocumentsResponse.swift */ = {isa = PBXFileReference; lastKnownFileType = sourcecode.swift; path = DocumentsResponse.swift; sourceTree = "<group>"; };
		7BE199512B16E5E1008C9FAC /* ServicesProvider.swift */ = {isa = PBXFileReference; lastKnownFileType = sourcecode.swift; path = ServicesProvider.swift; sourceTree = "<group>"; };
		7BE199632B17C230008C9FAC /* FaqOpener.swift */ = {isa = PBXFileReference; lastKnownFileType = sourcecode.swift; path = FaqOpener.swift; sourceTree = "<group>"; };
		7BE199662B17C319008C9FAC /* DriverReplacementStubModule.swift */ = {isa = PBXFileReference; lastKnownFileType = sourcecode.swift; path = DriverReplacementStubModule.swift; sourceTree = "<group>"; };
		CB42090A2E9D272C00266703 /* LinkResponse.swift */ = {isa = PBXFileReference; lastKnownFileType = sourcecode.swift; path = LinkResponse.swift; sourceTree = "<group>"; };
/* End PBXFileReference section */

/* Begin PBXFrameworksBuildPhase section */
		42F9229C29FBDC820072DDC1 /* Frameworks */ = {
			isa = PBXFrameworksBuildPhase;
			buildActionMask = 2147483647;
			files = (
				9487B53F2B76594800571A1D /* Alamofire in Frameworks */,
				165BBC862F3CCCC500FE1C08 /* DiiaDocumentsCore in Frameworks */,
				339AE8802B5E6CFE00C21112 /* DiiaAuthorizationPinCode in Frameworks */,
				339AE8722B5E6CC000C21112 /* DiiaCommonServices in Frameworks */,
				165BBC842F3CCCC500FE1C08 /* DiiaDocumentsCommonTypes in Frameworks */,
				33C550412B48B6A200E100CD /* Lottie in Frameworks */,
				9487B5422B765B8600571A1D /* ReactiveKit in Frameworks */,
				339AE87C2B5E6CFE00C21112 /* DiiaAuthorization in Frameworks */,
				165BBC822F3CCCC500FE1C08 /* DiiaDocuments in Frameworks */,
				339AE8702B5E6CA200C21112 /* DiiaCommonTypes in Frameworks */,
				339AE86C2B5E6C8500C21112 /* DiiaMVPModule in Frameworks */,
				339AE86A2B5E6C6100C21112 /* DiiaUIComponents in Frameworks */,
				339AE8742B5E6CCF00C21112 /* DiiaPublicServices in Frameworks */,
				339AE87E2B5E6CFE00C21112 /* DiiaAuthorizationMethods in Frameworks */,
			);
			runOnlyForDeploymentPostprocessing = 0;
		};
/* End PBXFrameworksBuildPhase section */

/* Begin PBXGroup section */
		16743A182F3A2BBC006E79D8 /* Services */ = {
			isa = PBXGroup;
			children = (
				16743A172F3A2BBC006E79D8 /* DocumentReorderingService.swift */,
			);
			path = Services;
			sourceTree = "<group>";
		};
		33B0352F2B29CADA00374227 /* Core */ = {
			isa = PBXGroup;
			children = (
				33C78AC62B2B168D00F97E8E /* EnterPinCode */,
				3329AF722B2A1EE6004B8517 /* ChangePincodeModuleContext+Extension.swift */,
				3329AF7D2B2A5201004B8517 /* AuthorizationApiClient+Extension.swift */,
				3329AF752B2A1F1F004B8517 /* PinCodeStorage.swift */,
				3329AF682B29F928004B8517 /* AuthorizationContext+Extension.swift */,
				3329AF6A2B29F944004B8517 /* UserAuthorizationErrorRouter.swift */,
				33B035322B29CF1700374227 /* AuthorizationStorage.swift */,
				7B7693E62B7C7E230007A89F /* AuthorizationStateHandler.swift */,
			);
			path = Core;
			sourceTree = "<group>";
		};
		33C78AC42B2B0D5900F97E8E /* Models */ = {
			isa = PBXGroup;
			children = (
				3329AF6C2B2A1D96004B8517 /* VerificationFlow.swift */,
			);
			path = Models;
			sourceTree = "<group>";
		};
		33C78AC62B2B168D00F97E8E /* EnterPinCode */ = {
			isa = PBXGroup;
			children = (
				3329AF762B2A1F1F004B8517 /* EnterPinCodeAuthDelegate.swift */,
				3329AF742B2A1F1F004B8517 /* EnterPinCodeModuleContext+Extension.swift */,
				3329AF772B2A1F1F004B8517 /* EnterPinCodeViewModel+Extension.swift */,
			);
			path = EnterPinCode;
			sourceTree = "<group>";
		};
		42F9229629FBDC820072DDC1 = {
			isa = PBXGroup;
			children = (
				332236032B87927700E6B7AF /* README.md */,
				42F922A129FBDC820072DDC1 /* DiiaOpenSource */,
				42F922A029FBDC820072DDC1 /* Products */,
				42F93A2429FFBAF30072DDC1 /* Frameworks */,
			);
			sourceTree = "<group>";
		};
		42F922A029FBDC820072DDC1 /* Products */ = {
			isa = PBXGroup;
			children = (
				42F9229F29FBDC820072DDC1 /* DiiaOpenSource.app */,
			);
			name = Products;
			sourceTree = "<group>";
		};
		42F922A129FBDC820072DDC1 /* DiiaOpenSource */ = {
			isa = PBXGroup;
			children = (
				42F922C829FBF61B0072DDC1 /* Common */,
				42F9247029FBF7CD0072DDC1 /* Modules */,
				42F930E829FBF7D10072DDC1 /* Resources */,
				42F9310029FBF7D10072DDC1 /* SupportingFiles */,
				42F922BD29FBF4C10072DDC1 /* AppConfigurator.swift */,
				42F922BE29FBF4C10072DDC1 /* AppConstants.swift */,
				42F93A4129FFF9F50072DDC1 /* AppDelegate.swift */,
				42F922BF29FBF4C10072DDC1 /* AppRouter.swift */,
				42F922C029FBF4C10072DDC1 /* EnvironmentVars.swift */,
				42F922AD29FBDC820072DDC1 /* LaunchScreen.storyboard */,
				42F922B029FBDC820072DDC1 /* Info.plist */,
			);
			path = DiiaOpenSource;
			sourceTree = "<group>";
		};
		42F922C829FBF61B0072DDC1 /* Common */ = {
			isa = PBXGroup;
			children = (
				42F922E429FBF61B0072DDC1 /* Extensions */,
				42F9231429FBF61B0072DDC1 /* DeepLinks */,
				42F9232B29FBF61B0072DDC1 /* Views */,
				42F9237A29FBF61B0072DDC1 /* Services */,
				42F9239229FBF61B0072DDC1 /* Utility */,
			);
			path = Common;
			sourceTree = "<group>";
		};
		42F922E429FBF61B0072DDC1 /* Extensions */ = {
			isa = PBXGroup;
			children = (
				42F922FF29FBF61B0072DDC1 /* UIScreen+Brightness.swift */,
				7B7693EC2B8741BC0007A89F /* NibLoadable+Extension.swift */,
			);
			path = Extensions;
			sourceTree = "<group>";
		};
		42F9231429FBF61B0072DDC1 /* DeepLinks */ = {
			isa = PBXGroup;
			children = (
				42F9231529FBF61B0072DDC1 /* Routers */,
				42F9232729FBF61B0072DDC1 /* DeepLinkRoute.swift */,
				42F9232929FBF61B0072DDC1 /* DeepLinkManager.swift */,
				42F9232A29FBF61B0072DDC1 /* DeeplinksRoutersList.swift */,
			);
			path = DeepLinks;
			sourceTree = "<group>";
		};
		42F9231529FBF61B0072DDC1 /* Routers */ = {
			isa = PBXGroup;
			children = (
			);
			path = Routers;
			sourceTree = "<group>";
		};
		42F9232B29FBF61B0072DDC1 /* Views */ = {
			isa = PBXGroup;
			children = (
				7B7693C32B7AE0090007A89F /* DesignSystem */,
			);
			path = Views;
			sourceTree = "<group>";
		};
		42F9237A29FBF61B0072DDC1 /* Services */ = {
			isa = PBXGroup;
			children = (
				42F9237F29FBF61B0072DDC1 /* StoreHelper.swift */,
				42F9238529FBF61B0072DDC1 /* ScreenBrightnessHelper.swift */,
				42F9238629FBF61B0072DDC1 /* AccessCheckers */,
				7BE198E92B14FBDF008C9FAC /* TemplateActionFactory.swift */,
				7BE199512B16E5E1008C9FAC /* ServicesProvider.swift */,
			);
			path = Services;
			sourceTree = "<group>";
		};
		42F9238629FBF61B0072DDC1 /* AccessCheckers */ = {
			isa = PBXGroup;
			children = (
				42F9238729FBF61B0072DDC1 /* AccessHelper.swift */,
				42F9238929FBF61B0072DDC1 /* CameraAccessChecker.swift */,
			);
			path = AccessCheckers;
			sourceTree = "<group>";
		};
		42F9239229FBF61B0072DDC1 /* Utility */ = {
			isa = PBXGroup;
			children = (
				42F9239529FBF61B0072DDC1 /* Logging.swift */,
				4937CBAF2D95AC050014D2BC /* DiiaIdSigner.swift */,
				42F49A0B2DCC94C800B8D36F /* ContextMenuConfigurable.swift */,
			);
			path = Utility;
			sourceTree = "<group>";
		};
		42F9247029FBF7CD0072DDC1 /* Modules */ = {
			isa = PBXGroup;
			children = (
				4937CB9E2D95A7C00014D2BC /* Feed */,
				7BE198FE2B16DB2D008C9FAC /* Documents */,
				42F9247129FBF7CD0072DDC1 /* QRCodeScanner */,
				42F9259C29FBF7CE0072DDC1 /* SplashScreen */,
				42F9260E29FBF7CE0072DDC1 /* Menu */,
				42F9278429FBF7CE0072DDC1 /* Authorization */,
				42F927F629FBF7CE0072DDC1 /* MainTabBar */,
			);
			path = Modules;
			sourceTree = "<group>";
		};
		42F9247129FBF7CD0072DDC1 /* QRCodeScanner */ = {
			isa = PBXGroup;
			children = (
				42F9247629FBF7CD0072DDC1 /* Services */,
				42F9247229FBF7CD0072DDC1 /* QRCodeScannerModule.swift */,
				42F9247329FBF7CD0072DDC1 /* QRCodeScannerPresenter.swift */,
				42F9247429FBF7CD0072DDC1 /* QRCodeScannerViewController.storyboard */,
				42F9247529FBF7CD0072DDC1 /* QRCodeScannerViewController.swift */,
			);
			path = QRCodeScanner;
			sourceTree = "<group>";
		};
		42F9247629FBF7CD0072DDC1 /* Services */ = {
			isa = PBXGroup;
			children = (
				42F9247729FBF7CD0072DDC1 /* DiiaQRScannerHelper.swift */,
			);
			path = Services;
			sourceTree = "<group>";
		};
		42F9259C29FBF7CE0072DDC1 /* SplashScreen */ = {
			isa = PBXGroup;
			children = (
				42F9259F29FBF7CE0072DDC1 /* SplashScreenModule.swift */,
				42F9259E29FBF7CE0072DDC1 /* SplashScreenPresenter.swift */,
				42F925A029FBF7CE0072DDC1 /* SplashScreenViewController.swift */,
				42F9259D29FBF7CE0072DDC1 /* SplashScreenViewController.storyboard */,
			);
			path = SplashScreen;
			sourceTree = "<group>";
		};
		42F9260E29FBF7CE0072DDC1 /* Menu */ = {
			isa = PBXGroup;
			children = (
				42F9260F29FBF7CE0072DDC1 /* Settings */,
				42F9262D29FBF7CE0072DDC1 /* Common */,
				42F9264529FBF7CE0072DDC1 /* Main */,
			);
			path = Menu;
			sourceTree = "<group>";
		};
		42F9260F29FBF7CE0072DDC1 /* Settings */ = {
			isa = PBXGroup;
			children = (
				42F9261029FBF7CE0072DDC1 /* SettingsModule.swift */,
				42F9261129FBF7CE0072DDC1 /* SettingsPresenter.swift */,
				42F9261229FBF7CE0072DDC1 /* SettingsViewController.storyboard */,
				42F9261329FBF7CE0072DDC1 /* SettingsViewController.swift */,
			);
			path = Settings;
			sourceTree = "<group>";
		};
		42F9262D29FBF7CE0072DDC1 /* Common */ = {
			isa = PBXGroup;
			children = (
				42F9262E29FBF7CE0072DDC1 /* ViewModel */,
				42F9263729FBF7CE0072DDC1 /* Views */,
				42F9264329FBF7CE0072DDC1 /* Services */,
			);
			path = Common;
			sourceTree = "<group>";
		};
		42F9262E29FBF7CE0072DDC1 /* ViewModel */ = {
			isa = PBXGroup;
			children = (
				42F9263129FBF7CE0072DDC1 /* TitleCellViewModel.swift */,
			);
			path = ViewModel;
			sourceTree = "<group>";
		};
		42F9263729FBF7CE0072DDC1 /* Views */ = {
			isa = PBXGroup;
			children = (
				16743A132F3A212D006E79D8 /* TitleTableCell.swift */,
				42F9263C29FBF7CE0072DDC1 /* TitleTableCell.xib */,
			);
			path = Views;
			sourceTree = "<group>";
		};
		42F9264329FBF7CE0072DDC1 /* Services */ = {
			isa = PBXGroup;
			children = (
				42F9264429FBF7CE0072DDC1 /* SettingsManager.swift */,
			);
			path = Services;
			sourceTree = "<group>";
		};
		42F9264529FBF7CE0072DDC1 /* Main */ = {
			isa = PBXGroup;
			children = (
				42F9264629FBF7CE0072DDC1 /* MenuModule.swift */,
				42F9264729FBF7CE0072DDC1 /* MenuViewController.storyboard */,
				42F9264829FBF7CE0072DDC1 /* MenuPresenter.swift */,
				42F9264929FBF7CE0072DDC1 /* MenuViewController.swift */,
			);
			path = Main;
			sourceTree = "<group>";
		};
		42F9278429FBF7CE0072DDC1 /* Authorization */ = {
			isa = PBXGroup;
			children = (
				33B0352F2B29CADA00374227 /* Core */,
				42F927BD29FBF7CE0072DDC1 /* Common */,
			);
			path = Authorization;
			sourceTree = "<group>";
		};
		42F927BD29FBF7CE0072DDC1 /* Common */ = {
			isa = PBXGroup;
			children = (
				33C78AC42B2B0D5900F97E8E /* Models */,
			);
			path = Common;
			sourceTree = "<group>";
		};
		42F927F629FBF7CE0072DDC1 /* MainTabBar */ = {
			isa = PBXGroup;
			children = (
				42F927F929FBF7CE0072DDC1 /* Model */,
				42F927FC29FBF7CE0072DDC1 /* Views */,
				42F927F829FBF7CE0072DDC1 /* MainTabBarModule.swift */,
				42F927F729FBF7CE0072DDC1 /* MainTabBarPresenter.swift */,
				42F927FB29FBF7CE0072DDC1 /* MainTabBarViewController.swift */,
				42F927FE29FBF7CE0072DDC1 /* MainTabBarViewController.storyboard */,
			);
			path = MainTabBar;
			sourceTree = "<group>";
		};
		42F927F929FBF7CE0072DDC1 /* Model */ = {
			isa = PBXGroup;
			children = (
				42F927FA29FBF7CE0072DDC1 /* MainTabAction.swift */,
			);
			path = Model;
			sourceTree = "<group>";
		};
		42F927FC29FBF7CE0072DDC1 /* Views */ = {
			isa = PBXGroup;
			children = (
				42F927FD29FBF7CE0072DDC1 /* MainTabCollectionCell.swift */,
			);
			path = Views;
			sourceTree = "<group>";
		};
		42F930E829FBF7D10072DDC1 /* Resources */ = {
			isa = PBXGroup;
			children = (
				42F930E929FBF7D10072DDC1 /* Strings */,
				42F930EB29FBF7D10072DDC1 /* Assets.xcassets */,
				42F930EC29FBF7D10072DDC1 /* Fonts */,
				42F930F429FBF7D10072DDC1 /* Animations */,
				42F93A2029FFB2930072DDC1 /* R+String.swift */,
				42F93A2229FFB88F0072DDC1 /* R+Images.swift */,
			);
			path = Resources;
			sourceTree = "<group>";
		};
		42F930E929FBF7D10072DDC1 /* Strings */ = {
			isa = PBXGroup;
			children = (
				42F930EA29FBF7D10072DDC1 /* Localizable.strings */,
			);
			path = Strings;
			sourceTree = "<group>";
		};
		42F930EC29FBF7D10072DDC1 /* Fonts */ = {
			isa = PBXGroup;
			children = (
				42F930ED29FBF7D10072DDC1 /* AppFonts.swift */,
				42F930F129FBF7D10072DDC1 /* e-Ukraine-Light.otf */,
				42F930F329FBF7D10072DDC1 /* e-Ukraine-Regular.otf */,
				42F930EF29FBF7D10072DDC1 /* e-Ukraine-Medium.otf */,
				42F930F029FBF7D10072DDC1 /* e-Ukraine-Bold.otf */,
				42F930F229FBF7D10072DDC1 /* e-UkraineHead-Light.otf */,
				42F930EE29FBF7D10072DDC1 /* e-UkraineHead-Regular.otf */,
			);
			path = Fonts;
			sourceTree = "<group>";
		};
		42F930F429FBF7D10072DDC1 /* Animations */ = {
			isa = PBXGroup;
			children = (
				7BD75ADA2B679FCB000D54CA /* splash_cropped.json */,
				7BD75AD82B678129000D54CA /* background_gradient.json */,
			);
			path = Animations;
			sourceTree = "<group>";
		};
		42F9310029FBF7D10072DDC1 /* SupportingFiles */ = {
			isa = PBXGroup;
			children = (
				42F9310129FBF7D10072DDC1 /* Configurations */,
			);
			path = SupportingFiles;
			sourceTree = "<group>";
		};
		42F9310129FBF7D10072DDC1 /* Configurations */ = {
			isa = PBXGroup;
			children = (
				42F9310229FBF7D10072DDC1 /* DiiaDev.xcconfig */,
			);
			path = Configurations;
			sourceTree = "<group>";
		};
		42F93A2429FFBAF30072DDC1 /* Frameworks */ = {
			isa = PBXGroup;
			children = (
			);
			name = Frameworks;
			sourceTree = "<group>";
		};
		4937CB8E2D95A7C00014D2BC /* ViewModel */ = {
			isa = PBXGroup;
			children = (
				4937CB8D2D95A7C00014D2BC /* FeedOfflineViewBuilder.swift */,
			);
			path = ViewModel;
			sourceTree = "<group>";
		};
		4937CB9E2D95A7C00014D2BC /* Feed */ = {
			isa = PBXGroup;
			children = (
				4937CB8E2D95A7C00014D2BC /* ViewModel */,
				4937CB8F2D95A7C00014D2BC /* FeedModule.swift */,
				4937CB902D95A7C00014D2BC /* FeedPresenter.swift */,
				4937CB912D95A7C00014D2BC /* FeedViewController.swift */,
				4937CB922D95A7C00014D2BC /* FeedViewController.xib */,
			);
			path = Feed;
			sourceTree = "<group>";
		};
		7B7693C32B7AE0090007A89F /* DesignSystem */ = {
			isa = PBXGroup;
			children = (
				7B7693DF2B7B07950007A89F /* View */,
				7B7693C42B7AE0180007A89F /* ViewFabric */,
			);
			path = DesignSystem;
			sourceTree = "<group>";
		};
		7B7693C42B7AE0180007A89F /* ViewFabric */ = {
			isa = PBXGroup;
			children = (
				7B7693C52B7AE0380007A89F /* DSImageNameResolver.swift */,
			);
			path = ViewFabric;
			sourceTree = "<group>";
		};
		7B7693D62B7B058E0007A89F /* DocumentsStackReordering */ = {
			isa = PBXGroup;
			children = (
				7B7693D82B7B05D60007A89F /* DocumentsStackReorderingModule.swift */,
				7B7693D72B7B05D60007A89F /* DocumentsStackReorderingPresenter.swift */,
				7B7693D92B7B05D60007A89F /* DocumentsStackReorderingViewController.swift */,
				7B7693DA2B7B05D60007A89F /* DocumentsStackReorderingViewController.xib */,
			);
			path = DocumentsStackReordering;
			sourceTree = "<group>";
		};
		7B7693DF2B7B07950007A89F /* View */ = {
			isa = PBXGroup;
			children = (
				7B7693E02B7B079D0007A89F /* List */,
			);
			path = View;
			sourceTree = "<group>";
		};
		7B7693E02B7B079D0007A89F /* List */ = {
			isa = PBXGroup;
			children = (
				7B7693E12B7B07AD0007A89F /* DSTransparentListView.swift */,
			);
			path = List;
			sourceTree = "<group>";
		};
		7BE198FE2B16DB2D008C9FAC /* Documents */ = {
			isa = PBXGroup;
			children = (
				7BE199092B16DB2D008C9FAC /* Common */,
				7BE1994C2B16E384008C9FAC /* Models */,
				7BE199192B16DB2D008C9FAC /* DocumentsReordering */,
				7B7693D62B7B058E0007A89F /* DocumentsStackReordering */,
			);
			path = Documents;
			sourceTree = "<group>";
		};
		7BE199092B16DB2D008C9FAC /* Common */ = {
			isa = PBXGroup;
			children = (
				CB4209092E9D270B00266703 /* Models */,
				7BE1990A2B16DB2D008C9FAC /* DocumentsCollectionModuleFactory.swift */,
				7BE199122B16DB2D008C9FAC /* Services */,
			);
			path = Common;
			sourceTree = "<group>";
		};
		7BE199122B16DB2D008C9FAC /* Services */ = {
			isa = PBXGroup;
			children = (
				7BE199652B17C2ED008C9FAC /* Stubs */,
				7BE199152B16DB2D008C9FAC /* DocumentsProcessor.swift */,
				7BE199162B16DB2D008C9FAC /* DocumentsReservePhotoService.swift */,
			);
			path = Services;
			sourceTree = "<group>";
		};
		7BE199192B16DB2D008C9FAC /* DocumentsReordering */ = {
			isa = PBXGroup;
			children = (
				16743A182F3A2BBC006E79D8 /* Services */,
				7BE1991E2B16DB2D008C9FAC /* View */,
				7BE1991B2B16DB2D008C9FAC /* DocumentsReorderingModule.swift */,
				7BE1991C2B16DB2D008C9FAC /* DocumentsReorderingPresenter.swift */,
				7BE199212B16DB2D008C9FAC /* DocumentsReorderingViewController.swift */,
				7BE1991D2B16DB2D008C9FAC /* DocumentsReorderingViewController.xib */,
			);
			path = DocumentsReordering;
			sourceTree = "<group>";
		};
		7BE1991E2B16DB2D008C9FAC /* View */ = {
			isa = PBXGroup;
			children = (
				7B7693D02B7B02E90007A89F /* DocReorderingCellInfoView.swift */,
				7B7693D22B7B03250007A89F /* DocumentReorderingCell.swift */,
				7B7693D42B7B03560007A89F /* MultipleDocReorderingView.swift */,
			);
			path = View;
			sourceTree = "<group>";
		};
		7BE1994C2B16E384008C9FAC /* Models */ = {
			isa = PBXGroup;
			children = (
				7BE1994D2B16E393008C9FAC /* DocType.swift */,
				7BE1994F2B16E543008C9FAC /* DocumentsResponse.swift */,
			);
			path = Models;
			sourceTree = "<group>";
		};
		7BE199652B17C2ED008C9FAC /* Stubs */ = {
			isa = PBXGroup;
			children = (
				7BE199132B16DB2D008C9FAC /* AddDocumentsActionProvider.swift */,
				7BE199632B17C230008C9FAC /* FaqOpener.swift */,
				7BE199662B17C319008C9FAC /* DriverReplacementStubModule.swift */,
			);
			path = Stubs;
			sourceTree = "<group>";
		};
		CB4209092E9D270B00266703 /* Models */ = {
			isa = PBXGroup;
			children = (
				CB42090A2E9D272C00266703 /* LinkResponse.swift */,
			);
			path = Models;
			sourceTree = "<group>";
		};
/* End PBXGroup section */

/* Begin PBXNativeTarget section */
		42F9229E29FBDC820072DDC1 /* DiiaOpenSource */ = {
			isa = PBXNativeTarget;
			buildConfigurationList = 42F922B329FBDC820072DDC1 /* Build configuration list for PBXNativeTarget "DiiaOpenSource" */;
			buildPhases = (
				332235FC2B86640A00E6B7AF /* Swiftlint Run Script */,
				42F9229B29FBDC820072DDC1 /* Sources */,
				42F9229C29FBDC820072DDC1 /* Frameworks */,
				42F9229D29FBDC820072DDC1 /* Resources */,
			);
			buildRules = (
			);
			dependencies = (
			);
			name = DiiaOpenSource;
			packageProductDependencies = (
				33C550402B48B6A200E100CD /* Lottie */,
				339AE8692B5E6C6100C21112 /* DiiaUIComponents */,
				339AE86B2B5E6C8500C21112 /* DiiaMVPModule */,
				339AE86F2B5E6CA200C21112 /* DiiaCommonTypes */,
				339AE8712B5E6CC000C21112 /* DiiaCommonServices */,
				339AE8732B5E6CCF00C21112 /* DiiaPublicServices */,
				339AE87B2B5E6CFE00C21112 /* DiiaAuthorization */,
				339AE87D2B5E6CFE00C21112 /* DiiaAuthorizationMethods */,
				339AE87F2B5E6CFE00C21112 /* DiiaAuthorizationPinCode */,
				9487B53E2B76594800571A1D /* Alamofire */,
				9487B5412B765B8600571A1D /* ReactiveKit */,
				165BBC812F3CCCC500FE1C08 /* DiiaDocuments */,
				165BBC832F3CCCC500FE1C08 /* DiiaDocumentsCommonTypes */,
				165BBC852F3CCCC500FE1C08 /* DiiaDocumentsCore */,
			);
			productName = DiiaSimple;
			productReference = 42F9229F29FBDC820072DDC1 /* DiiaOpenSource.app */;
			productType = "com.apple.product-type.application";
		};
/* End PBXNativeTarget section */

/* Begin PBXProject section */
		42F9229729FBDC820072DDC1 /* Project object */ = {
			isa = PBXProject;
			attributes = {
				BuildIndependentTargetsInParallel = 1;
				LastSwiftUpdateCheck = 1420;
				LastUpgradeCheck = 1420;
				TargetAttributes = {
					42F9229E29FBDC820072DDC1 = {
						CreatedOnToolsVersion = 14.2;
					};
				};
			};
			buildConfigurationList = 42F9229A29FBDC820072DDC1 /* Build configuration list for PBXProject "DiiaOpenSource" */;
			compatibilityVersion = "Xcode 14.0";
			developmentRegion = en;
			hasScannedForEncodings = 0;
			knownRegions = (
				en,
				Base,
			);
			mainGroup = 42F9229629FBDC820072DDC1;
			packageReferences = (
				42F93A432A0104AA0072DDC1 /* XCRemoteSwiftPackageReference "ios-mvpmodule" */,
				7B65C5D22B0367830018D510 /* XCRemoteSwiftPackageReference "ios-commontypes" */,
				7B65C5D32B0368E50018D510 /* XCRemoteSwiftPackageReference "ios-uicomponents" */,
				7B65C5D42B03699A0018D510 /* XCRemoteSwiftPackageReference "ios-commonservices" */,
				7B65C5D52B0369CE0018D510 /* XCRemoteSwiftPackageReference "ios-publicservices" */,
				33B035282B29BBBB00374227 /* XCRemoteSwiftPackageReference "ios-authorization" */,
				33C5503F2B48B6A200E100CD /* XCRemoteSwiftPackageReference "lottie-spm" */,
				9487B53D2B76594800571A1D /* XCRemoteSwiftPackageReference "Alamofire" */,
				9487B5402B765B8600571A1D /* XCRemoteSwiftPackageReference "ReactiveKit" */,
				165BBC802F3CCCC500FE1C08 /* XCRemoteSwiftPackageReference "ios-documents" */,
			);
			productRefGroup = 42F922A029FBDC820072DDC1 /* Products */;
			projectDirPath = "";
			projectRoot = "";
			targets = (
				42F9229E29FBDC820072DDC1 /* DiiaOpenSource */,
			);
		};
/* End PBXProject section */

/* Begin PBXResourcesBuildPhase section */
		42F9229D29FBDC820072DDC1 /* Resources */ = {
			isa = PBXResourcesBuildPhase;
			buildActionMask = 2147483647;
			files = (
				42F9323029FBF7D20072DDC1 /* SettingsViewController.storyboard in Resources */,
				42F93A0829FBF7D90072DDC1 /* e-UkraineHead-Regular.otf in Resources */,
				42F93A0529FBF7D90072DDC1 /* Localizable.strings in Resources */,
				332236042B87927800E6B7AF /* README.md in Resources */,
				42F9339F29FBF7D30072DDC1 /* MainTabBarViewController.storyboard in Resources */,
				42F9325829FBF7D20072DDC1 /* MenuViewController.storyboard in Resources */,
				42F922AF29FBDC820072DDC1 /* LaunchScreen.storyboard in Resources */,
				42F93A0B29FBF7D90072DDC1 /* e-Ukraine-Light.otf in Resources */,
				4937CBA02D95A7C00014D2BC /* FeedViewController.xib in Resources */,
				7BD75AD92B678129000D54CA /* background_gradient.json in Resources */,
				42F93A0929FBF7D90072DDC1 /* e-Ukraine-Medium.otf in Resources */,
				42F93A0C29FBF7D90072DDC1 /* e-UkraineHead-Light.otf in Resources */,
				7BE1993D2B16DB2D008C9FAC /* DocumentsReorderingViewController.xib in Resources */,
				42F93A0A29FBF7D90072DDC1 /* e-Ukraine-Bold.otf in Resources */,
				42F9324F29FBF7D20072DDC1 /* TitleTableCell.xib in Resources */,
				7B7693DE2B7B05D60007A89F /* DocumentsStackReorderingViewController.xib in Resources */,
				42F9310A29FBF7D10072DDC1 /* QRCodeScannerViewController.storyboard in Resources */,
				42F93A0D29FBF7D90072DDC1 /* e-Ukraine-Regular.otf in Resources */,
				7BD75ADB2B679FCB000D54CA /* splash_cropped.json in Resources */,
				42F931DC29FBF7D20072DDC1 /* SplashScreenViewController.storyboard in Resources */,
				42F93A0629FBF7D90072DDC1 /* Assets.xcassets in Resources */,
			);
			runOnlyForDeploymentPostprocessing = 0;
		};
/* End PBXResourcesBuildPhase section */

/* Begin PBXShellScriptBuildPhase section */
		332235FC2B86640A00E6B7AF /* Swiftlint Run Script */ = {
			isa = PBXShellScriptBuildPhase;
			buildActionMask = 2147483647;
			files = (
			);
			inputFileListPaths = (
			);
			inputPaths = (
			);
			name = "Swiftlint Run Script";
			outputFileListPaths = (
			);
			outputPaths = (
			);
			runOnlyForDeploymentPostprocessing = 0;
			shellPath = /bin/sh;
			shellScript = "# Type a script or drag a script file from your workspace to insert its path.\nif which swiftlint > /dev/null; then\n  swiftlint\nelse\n  echo \"warning: SwiftLint not installed, download from https://github.com/realm/SwiftLint\"\nfi\n";
		};
/* End PBXShellScriptBuildPhase section */

/* Begin PBXSourcesBuildPhase section */
		42F9229B29FBDC820072DDC1 /* Sources */ = {
			isa = PBXSourcesBuildPhase;
			buildActionMask = 2147483647;
			files = (
				3329AF7E2B2A5201004B8517 /* AuthorizationApiClient+Extension.swift in Sources */,
				42F931DE29FBF7D20072DDC1 /* SplashScreenModule.swift in Sources */,
				42F931DF29FBF7D20072DDC1 /* SplashScreenViewController.swift in Sources */,
				42F9325629FBF7D20072DDC1 /* SettingsManager.swift in Sources */,
				42F9310C29FBF7D10072DDC1 /* DiiaQRScannerHelper.swift in Sources */,
				4937CBA22D95A7C00014D2BC /* FeedViewController.swift in Sources */,
				4937CBA62D95A7C00014D2BC /* FeedOfflineViewBuilder.swift in Sources */,
				4937CBA82D95A7C00014D2BC /* FeedPresenter.swift in Sources */,
				4937CBAA2D95A7C00014D2BC /* FeedModule.swift in Sources */,
				3329AF6D2B2A1D96004B8517 /* VerificationFlow.swift in Sources */,
				16743A192F3A2BBC006E79D8 /* DocumentReorderingService.swift in Sources */,
				42F9310929FBF7D10072DDC1 /* QRCodeScannerPresenter.swift in Sources */,
				7B7693D52B7B03560007A89F /* MultipleDocReorderingView.swift in Sources */,
				42F93A4229FFF9F50072DDC1 /* AppDelegate.swift in Sources */,
				42F923FD29FBF61B0072DDC1 /* DeeplinksRoutersList.swift in Sources */,
				42F9322F29FBF7D20072DDC1 /* SettingsPresenter.swift in Sources */,
				42F9324629FBF7D20072DDC1 /* TitleCellViewModel.swift in Sources */,
				7BE1992D2B16DB2D008C9FAC /* DocumentsCollectionModuleFactory.swift in Sources */,
				7B7693E22B7B07AD0007A89F /* DSTransparentListView.swift in Sources */,
				7B7693D32B7B03250007A89F /* DocumentReorderingCell.swift in Sources */,
				3329AF7A2B2A1F1F004B8517 /* EnterPinCodeAuthDelegate.swift in Sources */,
				42F9339D29FBF7D30072DDC1 /* MainTabBarViewController.swift in Sources */,
				7B7693DB2B7B05D60007A89F /* DocumentsStackReorderingPresenter.swift in Sources */,
				42F9323129FBF7D20072DDC1 /* SettingsViewController.swift in Sources */,
				7B7693ED2B8741BC0007A89F /* NibLoadable+Extension.swift in Sources */,
				42F9244D29FBF61B0072DDC1 /* ScreenBrightnessHelper.swift in Sources */,
				42F9322E29FBF7D20072DDC1 /* SettingsModule.swift in Sources */,
				7BE199502B16E543008C9FAC /* DocumentsResponse.swift in Sources */,
				3329AF6B2B29F944004B8517 /* UserAuthorizationErrorRouter.swift in Sources */,
				3329AF782B2A1F1F004B8517 /* EnterPinCodeModuleContext+Extension.swift in Sources */,
				3329AF792B2A1F1F004B8517 /* PinCodeStorage.swift in Sources */,
				42F9245A29FBF61B0072DDC1 /* Logging.swift in Sources */,
				42F9245029FBF61B0072DDC1 /* CameraAccessChecker.swift in Sources */,
				42F923FC29FBF61B0072DDC1 /* DeepLinkManager.swift in Sources */,
				42F93A2129FFB2930072DDC1 /* R+String.swift in Sources */,
				42F931DD29FBF7D20072DDC1 /* SplashScreenPresenter.swift in Sources */,
				7BE199342B16DB2D008C9FAC /* AddDocumentsActionProvider.swift in Sources */,
				3329AF7B2B2A1F1F004B8517 /* EnterPinCodeViewModel+Extension.swift in Sources */,
				7BE199672B17C319008C9FAC /* DriverReplacementStubModule.swift in Sources */,
				16743A142F3A212D006E79D8 /* TitleTableCell.swift in Sources */,
				7BE1994E2B16E393008C9FAC /* DocType.swift in Sources */,
				7BE199372B16DB2D008C9FAC /* DocumentsReservePhotoService.swift in Sources */,
				7BE1993B2B16DB2D008C9FAC /* DocumentsReorderingModule.swift in Sources */,
				42F9339E29FBF7D30072DDC1 /* MainTabCollectionCell.swift in Sources */,
				7B7693D12B7B02E90007A89F /* DocReorderingCellInfoView.swift in Sources */,
				7BE198EA2B14FBDF008C9FAC /* TemplateActionFactory.swift in Sources */,
				CB42090B2E9D272C00266703 /* LinkResponse.swift in Sources */,
				42F922C229FBF4C10072DDC1 /* AppConfigurator.swift in Sources */,
				42F93A0729FBF7D90072DDC1 /* AppFonts.swift in Sources */,
				42F9339A29FBF7D30072DDC1 /* MainTabBarPresenter.swift in Sources */,
				42F9310829FBF7D10072DDC1 /* QRCodeScannerModule.swift in Sources */,
				42F9325929FBF7D20072DDC1 /* MenuPresenter.swift in Sources */,
				42F9310B29FBF7D10072DDC1 /* QRCodeScannerViewController.swift in Sources */,
				7BE1993C2B16DB2D008C9FAC /* DocumentsReorderingPresenter.swift in Sources */,
				7BE199642B17C230008C9FAC /* FaqOpener.swift in Sources */,
				7BE199402B16DB2D008C9FAC /* DocumentsReorderingViewController.swift in Sources */,
				42F9244729FBF61B0072DDC1 /* StoreHelper.swift in Sources */,
				7B7693C62B7AE0380007A89F /* DSImageNameResolver.swift in Sources */,
				42F9339C29FBF7D30072DDC1 /* MainTabAction.swift in Sources */,
				7BE199522B16E5E1008C9FAC /* ServicesProvider.swift in Sources */,
				42F922C429FBF4C10072DDC1 /* AppRouter.swift in Sources */,
				4937CBB02D95AC070014D2BC /* DiiaIdSigner.swift in Sources */,
				42F9244E29FBF61B0072DDC1 /* AccessHelper.swift in Sources */,
				42F922C329FBF4C10072DDC1 /* AppConstants.swift in Sources */,
				7B7693E72B7C7E230007A89F /* AuthorizationStateHandler.swift in Sources */,
				42F9339B29FBF7D30072DDC1 /* MainTabBarModule.swift in Sources */,
				42F923D529FBF61B0072DDC1 /* UIScreen+Brightness.swift in Sources */,
				42F93A2329FFB88F0072DDC1 /* R+Images.swift in Sources */,
				42F922C529FBF4C10072DDC1 /* EnvironmentVars.swift in Sources */,
				7BE199362B16DB2D008C9FAC /* DocumentsProcessor.swift in Sources */,
				42F9325A29FBF7D20072DDC1 /* MenuViewController.swift in Sources */,
				42F923FA29FBF61B0072DDC1 /* DeepLinkRoute.swift in Sources */,
				42F9325729FBF7D20072DDC1 /* MenuModule.swift in Sources */,
				42F49A0C2DCC94C800B8D36F /* ContextMenuConfigurable.swift in Sources */,
				3329AF732B2A1EE6004B8517 /* ChangePincodeModuleContext+Extension.swift in Sources */,
				7B7693DD2B7B05D60007A89F /* DocumentsStackReorderingViewController.swift in Sources */,
				3329AF692B29F928004B8517 /* AuthorizationContext+Extension.swift in Sources */,
				7B7693DC2B7B05D60007A89F /* DocumentsStackReorderingModule.swift in Sources */,
				33B035332B29CF1700374227 /* AuthorizationStorage.swift in Sources */,
			);
			runOnlyForDeploymentPostprocessing = 0;
		};
/* End PBXSourcesBuildPhase section */

/* Begin PBXVariantGroup section */
		42F922AD29FBDC820072DDC1 /* LaunchScreen.storyboard */ = {
			isa = PBXVariantGroup;
			children = (
				42F922AE29FBDC820072DDC1 /* Base */,
			);
			name = LaunchScreen.storyboard;
			sourceTree = "<group>";
		};
/* End PBXVariantGroup section */

/* Begin XCBuildConfiguration section */
		42F922B129FBDC820072DDC1 /* Debug */ = {
			isa = XCBuildConfiguration;
			buildSettings = {
				ALWAYS_SEARCH_USER_PATHS = NO;
				CLANG_ANALYZER_NONNULL = YES;
				CLANG_ANALYZER_NUMBER_OBJECT_CONVERSION = YES_AGGRESSIVE;
				CLANG_CXX_LANGUAGE_STANDARD = "gnu++20";
				CLANG_ENABLE_MODULES = YES;
				CLANG_ENABLE_OBJC_ARC = YES;
				CLANG_ENABLE_OBJC_WEAK = YES;
				CLANG_WARN_BLOCK_CAPTURE_AUTORELEASING = YES;
				CLANG_WARN_BOOL_CONVERSION = YES;
				CLANG_WARN_COMMA = YES;
				CLANG_WARN_CONSTANT_CONVERSION = YES;
				CLANG_WARN_DEPRECATED_OBJC_IMPLEMENTATIONS = YES;
				CLANG_WARN_DIRECT_OBJC_ISA_USAGE = YES_ERROR;
				CLANG_WARN_DOCUMENTATION_COMMENTS = YES;
				CLANG_WARN_EMPTY_BODY = YES;
				CLANG_WARN_ENUM_CONVERSION = YES;
				CLANG_WARN_INFINITE_RECURSION = YES;
				CLANG_WARN_INT_CONVERSION = YES;
				CLANG_WARN_NON_LITERAL_NULL_CONVERSION = YES;
				CLANG_WARN_OBJC_IMPLICIT_RETAIN_SELF = YES;
				CLANG_WARN_OBJC_LITERAL_CONVERSION = YES;
				CLANG_WARN_OBJC_ROOT_CLASS = YES_ERROR;
				CLANG_WARN_QUOTED_INCLUDE_IN_FRAMEWORK_HEADER = YES;
				CLANG_WARN_RANGE_LOOP_ANALYSIS = YES;
				CLANG_WARN_STRICT_PROTOTYPES = YES;
				CLANG_WARN_SUSPICIOUS_MOVE = YES;
				CLANG_WARN_UNGUARDED_AVAILABILITY = YES_AGGRESSIVE;
				CLANG_WARN_UNREACHABLE_CODE = YES;
				CLANG_WARN__DUPLICATE_METHOD_MATCH = YES;
				COPY_PHASE_STRIP = NO;
				DEBUG_INFORMATION_FORMAT = dwarf;
				ENABLE_STRICT_OBJC_MSGSEND = YES;
				ENABLE_TESTABILITY = YES;
				GCC_C_LANGUAGE_STANDARD = gnu11;
				GCC_DYNAMIC_NO_PIC = NO;
				GCC_NO_COMMON_BLOCKS = YES;
				GCC_OPTIMIZATION_LEVEL = 0;
				GCC_PREPROCESSOR_DEFINITIONS = (
					"DEBUG=1",
					"$(inherited)",
				);
				GCC_WARN_64_TO_32_BIT_CONVERSION = YES;
				GCC_WARN_ABOUT_RETURN_TYPE = YES_ERROR;
				GCC_WARN_UNDECLARED_SELECTOR = YES;
				GCC_WARN_UNINITIALIZED_AUTOS = YES_AGGRESSIVE;
				GCC_WARN_UNUSED_FUNCTION = YES;
				GCC_WARN_UNUSED_VARIABLE = YES;
				IPHONEOS_DEPLOYMENT_TARGET = 16.2;
				MTL_ENABLE_DEBUG_INFO = INCLUDE_SOURCE;
				MTL_FAST_MATH = YES;
				ONLY_ACTIVE_ARCH = YES;
				SDKROOT = iphoneos;
				SWIFT_ACTIVE_COMPILATION_CONDITIONS = DEBUG;
				SWIFT_OPTIMIZATION_LEVEL = "-Onone";
			};
			name = Debug;
		};
		42F922B229FBDC820072DDC1 /* Release */ = {
			isa = XCBuildConfiguration;
			buildSettings = {
				ALWAYS_SEARCH_USER_PATHS = NO;
				CLANG_ANALYZER_NONNULL = YES;
				CLANG_ANALYZER_NUMBER_OBJECT_CONVERSION = YES_AGGRESSIVE;
				CLANG_CXX_LANGUAGE_STANDARD = "gnu++20";
				CLANG_ENABLE_MODULES = YES;
				CLANG_ENABLE_OBJC_ARC = YES;
				CLANG_ENABLE_OBJC_WEAK = YES;
				CLANG_WARN_BLOCK_CAPTURE_AUTORELEASING = YES;
				CLANG_WARN_BOOL_CONVERSION = YES;
				CLANG_WARN_COMMA = YES;
				CLANG_WARN_CONSTANT_CONVERSION = YES;
				CLANG_WARN_DEPRECATED_OBJC_IMPLEMENTATIONS = YES;
				CLANG_WARN_DIRECT_OBJC_ISA_USAGE = YES_ERROR;
				CLANG_WARN_DOCUMENTATION_COMMENTS = YES;
				CLANG_WARN_EMPTY_BODY = YES;
				CLANG_WARN_ENUM_CONVERSION = YES;
				CLANG_WARN_INFINITE_RECURSION = YES;
				CLANG_WARN_INT_CONVERSION = YES;
				CLANG_WARN_NON_LITERAL_NULL_CONVERSION = YES;
				CLANG_WARN_OBJC_IMPLICIT_RETAIN_SELF = YES;
				CLANG_WARN_OBJC_LITERAL_CONVERSION = YES;
				CLANG_WARN_OBJC_ROOT_CLASS = YES_ERROR;
				CLANG_WARN_QUOTED_INCLUDE_IN_FRAMEWORK_HEADER = YES;
				CLANG_WARN_RANGE_LOOP_ANALYSIS = YES;
				CLANG_WARN_STRICT_PROTOTYPES = YES;
				CLANG_WARN_SUSPICIOUS_MOVE = YES;
				CLANG_WARN_UNGUARDED_AVAILABILITY = YES_AGGRESSIVE;
				CLANG_WARN_UNREACHABLE_CODE = YES;
				CLANG_WARN__DUPLICATE_METHOD_MATCH = YES;
				COPY_PHASE_STRIP = NO;
				DEBUG_INFORMATION_FORMAT = "dwarf-with-dsym";
				ENABLE_NS_ASSERTIONS = NO;
				ENABLE_STRICT_OBJC_MSGSEND = YES;
				GCC_C_LANGUAGE_STANDARD = gnu11;
				GCC_NO_COMMON_BLOCKS = YES;
				GCC_WARN_64_TO_32_BIT_CONVERSION = YES;
				GCC_WARN_ABOUT_RETURN_TYPE = YES_ERROR;
				GCC_WARN_UNDECLARED_SELECTOR = YES;
				GCC_WARN_UNINITIALIZED_AUTOS = YES_AGGRESSIVE;
				GCC_WARN_UNUSED_FUNCTION = YES;
				GCC_WARN_UNUSED_VARIABLE = YES;
				IPHONEOS_DEPLOYMENT_TARGET = 16.2;
				MTL_ENABLE_DEBUG_INFO = NO;
				MTL_FAST_MATH = YES;
				SDKROOT = iphoneos;
				SWIFT_COMPILATION_MODE = wholemodule;
				SWIFT_OPTIMIZATION_LEVEL = "-O";
				VALIDATE_PRODUCT = YES;
			};
			name = Release;
		};
		42F922B429FBDC820072DDC1 /* Debug */ = {
			isa = XCBuildConfiguration;
			baseConfigurationReference = 42F9310229FBF7D10072DDC1 /* DiiaDev.xcconfig */;
			buildSettings = {
				ASSETCATALOG_COMPILER_APPICON_NAME = AppIcon;
				ASSETCATALOG_COMPILER_GLOBAL_ACCENT_COLOR_NAME = AccentColor;
				CODE_SIGN_STYLE = Manual;
				CURRENT_PROJECT_VERSION = 2050;
				DEVELOPMENT_TEAM = "";
				GENERATE_INFOPLIST_FILE = YES;
				INFOPLIST_FILE = DiiaOpenSource/Info.plist;
				INFOPLIST_KEY_CFBundleDisplayName = "${APP_NAME}";
				INFOPLIST_KEY_LSApplicationCategoryType = "";
				INFOPLIST_KEY_UIApplicationSupportsIndirectInputEvents = YES;
				INFOPLIST_KEY_UILaunchStoryboardName = LaunchScreen;
				INFOPLIST_KEY_UISupportedInterfaceOrientations = UIInterfaceOrientationPortrait;
				INFOPLIST_KEY_UISupportedInterfaceOrientations_iPad = "UIInterfaceOrientationLandscapeLeft UIInterfaceOrientationLandscapeRight UIInterfaceOrientationPortrait UIInterfaceOrientationPortraitUpsideDown";
				IPHONEOS_DEPLOYMENT_TARGET = 15.0;
				IS_IN_DEBUG = YES;
				LD_RUNPATH_SEARCH_PATHS = (
					"$(inherited)",
					"@executable_path/Frameworks",
				);
				MARKETING_VERSION = 4.20.0;
				PRODUCT_BUNDLE_IDENTIFIER = ua.gov.diia.opensource.app;
				PRODUCT_NAME = "$(TARGET_NAME)";
				PROVISIONING_PROFILE_SPECIFIER = "";
				SUPPORTED_PLATFORMS = "iphoneos iphonesimulator";
				SUPPORTS_MACCATALYST = NO;
				SUPPORTS_MAC_DESIGNED_FOR_IPHONE_IPAD = NO;
				SWIFT_EMIT_LOC_STRINGS = YES;
				SWIFT_VERSION = 5.0;
				TARGETED_DEVICE_FAMILY = 1;
			};
			name = Debug;
		};
		42F922B529FBDC820072DDC1 /* Release */ = {
			isa = XCBuildConfiguration;
			buildSettings = {
				ASSETCATALOG_COMPILER_APPICON_NAME = AppIcon;
				ASSETCATALOG_COMPILER_GLOBAL_ACCENT_COLOR_NAME = AccentColor;
				CODE_SIGN_STYLE = Manual;
				CURRENT_PROJECT_VERSION = 2050;
				DEVELOPMENT_TEAM = "";
				GENERATE_INFOPLIST_FILE = YES;
				INFOPLIST_FILE = DiiaOpenSource/Info.plist;
				INFOPLIST_KEY_CFBundleDisplayName = "${APP_NAME}";
				INFOPLIST_KEY_LSApplicationCategoryType = "";
				INFOPLIST_KEY_UIApplicationSupportsIndirectInputEvents = YES;
				INFOPLIST_KEY_UILaunchStoryboardName = LaunchScreen;
				INFOPLIST_KEY_UISupportedInterfaceOrientations = UIInterfaceOrientationPortrait;
				INFOPLIST_KEY_UISupportedInterfaceOrientations_iPad = "UIInterfaceOrientationLandscapeLeft UIInterfaceOrientationLandscapeRight UIInterfaceOrientationPortrait UIInterfaceOrientationPortraitUpsideDown";
				IPHONEOS_DEPLOYMENT_TARGET = 15.0;
				IS_IN_DEBUG = NO;
				LD_RUNPATH_SEARCH_PATHS = (
					"$(inherited)",
					"@executable_path/Frameworks",
				);
				MARKETING_VERSION = 4.20.0;
				PRODUCT_BUNDLE_IDENTIFIER = ua.gov.diia.opensource.app;
				PRODUCT_NAME = "$(TARGET_NAME)";
				PROVISIONING_PROFILE_SPECIFIER = "";
				SUPPORTED_PLATFORMS = "iphoneos iphonesimulator";
				SUPPORTS_MACCATALYST = NO;
				SUPPORTS_MAC_DESIGNED_FOR_IPHONE_IPAD = NO;
				SWIFT_EMIT_LOC_STRINGS = YES;
				SWIFT_VERSION = 5.0;
				TARGETED_DEVICE_FAMILY = 1;
			};
			name = Release;
		};
/* End XCBuildConfiguration section */

/* Begin XCConfigurationList section */
		42F9229A29FBDC820072DDC1 /* Build configuration list for PBXProject "DiiaOpenSource" */ = {
			isa = XCConfigurationList;
			buildConfigurations = (
				42F922B129FBDC820072DDC1 /* Debug */,
				42F922B229FBDC820072DDC1 /* Release */,
			);
			defaultConfigurationIsVisible = 0;
			defaultConfigurationName = Release;
		};
		42F922B329FBDC820072DDC1 /* Build configuration list for PBXNativeTarget "DiiaOpenSource" */ = {
			isa = XCConfigurationList;
			buildConfigurations = (
				42F922B429FBDC820072DDC1 /* Debug */,
				42F922B529FBDC820072DDC1 /* Release */,
			);
			defaultConfigurationIsVisible = 0;
			defaultConfigurationName = Release;
		};
/* End XCConfigurationList section */

/* Begin XCRemoteSwiftPackageReference section */
		165BBC802F3CCCC500FE1C08 /* XCRemoteSwiftPackageReference "ios-documents" */ = {
			isa = XCRemoteSwiftPackageReference;
			repositoryURL = "https://github.com/nkoruts/ios-documents.git";
			requirement = {
				branch = develop;
				kind = branch;
			};
		};
		33B035282B29BBBB00374227 /* XCRemoteSwiftPackageReference "ios-authorization" */ = {
			isa = XCRemoteSwiftPackageReference;
			repositoryURL = "https://github.com/diia-open-source/ios-authorization.git";
			requirement = {
				kind = upToNextMinorVersion;
				minimumVersion = 1.0.0;
			};
		};
		33C5503F2B48B6A200E100CD /* XCRemoteSwiftPackageReference "lottie-spm" */ = {
			isa = XCRemoteSwiftPackageReference;
			repositoryURL = "https://github.com/airbnb/lottie-spm.git";
			requirement = {
				kind = exactVersion;
				version = 4.6.0;
			};
		};
		42F93A432A0104AA0072DDC1 /* XCRemoteSwiftPackageReference "ios-mvpmodule" */ = {
			isa = XCRemoteSwiftPackageReference;
			repositoryURL = "https://github.com/diia-open-source/ios-mvpmodule.git";
			requirement = {
				kind = upToNextMinorVersion;
				minimumVersion = 1.0.0;
			};
		};
		7B65C5D22B0367830018D510 /* XCRemoteSwiftPackageReference "ios-commontypes" */ = {
			isa = XCRemoteSwiftPackageReference;
			repositoryURL = "https://github.com/diia-open-source/ios-commontypes.git";
			requirement = {
				kind = upToNextMinorVersion;
				minimumVersion = 1.0.0;
			};
		};
		7B65C5D32B0368E50018D510 /* XCRemoteSwiftPackageReference "ios-uicomponents" */ = {
			isa = XCRemoteSwiftPackageReference;
			repositoryURL = "https://github.com/diia-open-source/ios-uicomponents.git";
			requirement = {
				kind = upToNextMinorVersion;
				minimumVersion = 1.0.18;
			};
		};
		7B65C5D42B03699A0018D510 /* XCRemoteSwiftPackageReference "ios-commonservices" */ = {
			isa = XCRemoteSwiftPackageReference;
			repositoryURL = "https://github.com/diia-open-source/ios-commonservices.git";
			requirement = {
				kind = upToNextMinorVersion;
				minimumVersion = 1.0.0;
			};
		};
		7B65C5D52B0369CE0018D510 /* XCRemoteSwiftPackageReference "ios-publicservices" */ = {
			isa = XCRemoteSwiftPackageReference;
			repositoryURL = "https://github.com/diia-open-source/ios-publicservices.git";
			requirement = {
				kind = upToNextMinorVersion;
				minimumVersion = 1.0.0;
			};
		};
		9487B53D2B76594800571A1D /* XCRemoteSwiftPackageReference "Alamofire" */ = {
			isa = XCRemoteSwiftPackageReference;
			repositoryURL = "https://github.com/Alamofire/Alamofire.git";
			requirement = {
				kind = exactVersion;
				version = 5.4.3;
			};
		};
		9487B5402B765B8600571A1D /* XCRemoteSwiftPackageReference "ReactiveKit" */ = {
			isa = XCRemoteSwiftPackageReference;
			repositoryURL = "https://github.com/DeclarativeHub/ReactiveKit.git";
			requirement = {
				kind = exactVersion;
				version = 3.16.2;
			};
		};
/* End XCRemoteSwiftPackageReference section */

/* Begin XCSwiftPackageProductDependency section */
		165BBC812F3CCCC500FE1C08 /* DiiaDocuments */ = {
			isa = XCSwiftPackageProductDependency;
			package = 165BBC802F3CCCC500FE1C08 /* XCRemoteSwiftPackageReference "ios-documents" */;
			productName = DiiaDocuments;
		};
		165BBC832F3CCCC500FE1C08 /* DiiaDocumentsCommonTypes */ = {
			isa = XCSwiftPackageProductDependency;
			package = 165BBC802F3CCCC500FE1C08 /* XCRemoteSwiftPackageReference "ios-documents" */;
			productName = DiiaDocumentsCommonTypes;
		};
		165BBC852F3CCCC500FE1C08 /* DiiaDocumentsCore */ = {
			isa = XCSwiftPackageProductDependency;
			package = 165BBC802F3CCCC500FE1C08 /* XCRemoteSwiftPackageReference "ios-documents" */;
			productName = DiiaDocumentsCore;
		};
		339AE8692B5E6C6100C21112 /* DiiaUIComponents */ = {
			isa = XCSwiftPackageProductDependency;
			package = 7B65C5D32B0368E50018D510 /* XCRemoteSwiftPackageReference "ios-uicomponents" */;
			productName = DiiaUIComponents;
		};
		339AE86B2B5E6C8500C21112 /* DiiaMVPModule */ = {
			isa = XCSwiftPackageProductDependency;
			package = 42F93A432A0104AA0072DDC1 /* XCRemoteSwiftPackageReference "ios-mvpmodule" */;
			productName = DiiaMVPModule;
		};
		339AE86F2B5E6CA200C21112 /* DiiaCommonTypes */ = {
			isa = XCSwiftPackageProductDependency;
			package = 7B65C5D22B0367830018D510 /* XCRemoteSwiftPackageReference "ios-commontypes" */;
			productName = DiiaCommonTypes;
		};
		339AE8712B5E6CC000C21112 /* DiiaCommonServices */ = {
			isa = XCSwiftPackageProductDependency;
			package = 7B65C5D42B03699A0018D510 /* XCRemoteSwiftPackageReference "ios-commonservices" */;
			productName = DiiaCommonServices;
		};
		339AE8732B5E6CCF00C21112 /* DiiaPublicServices */ = {
			isa = XCSwiftPackageProductDependency;
			package = 7B65C5D52B0369CE0018D510 /* XCRemoteSwiftPackageReference "ios-publicservices" */;
			productName = DiiaPublicServices;
		};
		339AE87B2B5E6CFE00C21112 /* DiiaAuthorization */ = {
			isa = XCSwiftPackageProductDependency;
			package = 33B035282B29BBBB00374227 /* XCRemoteSwiftPackageReference "ios-authorization" */;
			productName = DiiaAuthorization;
		};
		339AE87D2B5E6CFE00C21112 /* DiiaAuthorizationMethods */ = {
			isa = XCSwiftPackageProductDependency;
			package = 33B035282B29BBBB00374227 /* XCRemoteSwiftPackageReference "ios-authorization" */;
			productName = DiiaAuthorizationMethods;
		};
		339AE87F2B5E6CFE00C21112 /* DiiaAuthorizationPinCode */ = {
			isa = XCSwiftPackageProductDependency;
			package = 33B035282B29BBBB00374227 /* XCRemoteSwiftPackageReference "ios-authorization" */;
			productName = DiiaAuthorizationPinCode;
		};
		33C550402B48B6A200E100CD /* Lottie */ = {
			isa = XCSwiftPackageProductDependency;
			package = 33C5503F2B48B6A200E100CD /* XCRemoteSwiftPackageReference "lottie-spm" */;
			productName = Lottie;
		};
		9487B53E2B76594800571A1D /* Alamofire */ = {
			isa = XCSwiftPackageProductDependency;
			package = 9487B53D2B76594800571A1D /* XCRemoteSwiftPackageReference "Alamofire" */;
			productName = Alamofire;
		};
		9487B5412B765B8600571A1D /* ReactiveKit */ = {
			isa = XCSwiftPackageProductDependency;
			package = 9487B5402B765B8600571A1D /* XCRemoteSwiftPackageReference "ReactiveKit" */;
			productName = ReactiveKit;
		};
/* End XCSwiftPackageProductDependency section */
	};
	rootObject = 42F9229729FBDC820072DDC1 /* Project object */;
}
